// !$*UTF8*$!
{
	archiveVersion = 1;
	classes = {
	};
	objectVersion = 46;
	objects = {

/* Begin PBXBuildFile section */
		3F13163D1BC8298500D227DD /* Level_1.txt in Resources */ = {isa = PBXBuildFile; fileRef = 3F1316361BC8298500D227DD /* Level_1.txt */; settings = {ASSET_TAGS = (); }; };
		3F13163E1BC8298500D227DD /* Level_2.txt in Resources */ = {isa = PBXBuildFile; fileRef = 3F1316371BC8298500D227DD /* Level_2.txt */; settings = {ASSET_TAGS = (); }; };
		3F13163F1BC8298500D227DD /* Level_3.txt in Resources */ = {isa = PBXBuildFile; fileRef = 3F1316381BC8298500D227DD /* Level_3.txt */; settings = {ASSET_TAGS = (); }; };
		3F1316401BC8298500D227DD /* Level_4.txt in Resources */ = {isa = PBXBuildFile; fileRef = 3F1316391BC8298500D227DD /* Level_4.txt */; settings = {ASSET_TAGS = (); }; };
		3F1316411BC8298500D227DD /* Level_5.txt in Resources */ = {isa = PBXBuildFile; fileRef = 3F13163A1BC8298500D227DD /* Level_5.txt */; settings = {ASSET_TAGS = (); }; };
		3F1316421BC8298500D227DD /* Level_6.txt in Resources */ = {isa = PBXBuildFile; fileRef = 3F13163B1BC8298500D227DD /* Level_6.txt */; settings = {ASSET_TAGS = (); }; };
		3F1316451BC8302000D227DD /* spike.png in Resources */ = {isa = PBXBuildFile; fileRef = 3F1316441BC8302000D227DD /* spike.png */; settings = {ASSET_TAGS = (); }; };
		3F1316521BC8415100D227DD /* Level_7.txt in Resources */ = {isa = PBXBuildFile; fileRef = 3F1316461BC8415100D227DD /* Level_7.txt */; settings = {ASSET_TAGS = (); }; };
		3F1316531BC8415100D227DD /* Level_8.txt in Resources */ = {isa = PBXBuildFile; fileRef = 3F1316471BC8415100D227DD /* Level_8.txt */; settings = {ASSET_TAGS = (); }; };
		3F1316541BC8415100D227DD /* Level_9.txt in Resources */ = {isa = PBXBuildFile; fileRef = 3F1316481BC8415100D227DD /* Level_9.txt */; settings = {ASSET_TAGS = (); }; };
		3F1316551BC8415100D227DD /* Level_10.txt in Resources */ = {isa = PBXBuildFile; fileRef = 3F1316491BC8415100D227DD /* Level_10.txt */; settings = {ASSET_TAGS = (); }; };
		3F1316561BC8415100D227DD /* Level_11.txt in Resources */ = {isa = PBXBuildFile; fileRef = 3F13164A1BC8415100D227DD /* Level_11.txt */; settings = {ASSET_TAGS = (); }; };
		3F1316571BC8415100D227DD /* Level_12.txt in Resources */ = {isa = PBXBuildFile; fileRef = 3F13164B1BC8415100D227DD /* Level_12.txt */; settings = {ASSET_TAGS = (); }; };
		3F1316581BC8415100D227DD /* Level_13.txt in Resources */ = {isa = PBXBuildFile; fileRef = 3F13164C1BC8415100D227DD /* Level_13.txt */; settings = {ASSET_TAGS = (); }; };
		3F1316591BC8415100D227DD /* Level_14.txt in Resources */ = {isa = PBXBuildFile; fileRef = 3F13164D1BC8415100D227DD /* Level_14.txt */; settings = {ASSET_TAGS = (); }; };
		3F13165A1BC8415100D227DD /* Level_15.txt in Resources */ = {isa = PBXBuildFile; fileRef = 3F13164E1BC8415100D227DD /* Level_15.txt */; settings = {ASSET_TAGS = (); }; };
		3F13165B1BC8415100D227DD /* Level_16.txt in Resources */ = {isa = PBXBuildFile; fileRef = 3F13164F1BC8415100D227DD /* Level_16.txt */; settings = {ASSET_TAGS = (); }; };
		3F13165C1BC8415100D227DD /* Level_17.txt in Resources */ = {isa = PBXBuildFile; fileRef = 3F1316501BC8415100D227DD /* Level_17.txt */; settings = {ASSET_TAGS = (); }; };
		3F13165D1BC8415100D227DD /* Level_18.txt in Resources */ = {isa = PBXBuildFile; fileRef = 3F1316511BC8415100D227DD /* Level_18.txt */; settings = {ASSET_TAGS = (); }; };
		3F13165F1BCB003200D227DD /* DoorNode.swift in Sources */ = {isa = PBXBuildFile; fileRef = 3F13165E1BCB003200D227DD /* DoorNode.swift */; settings = {ASSET_TAGS = (); }; };
		3F1316611BCB032B00D227DD /* KeyNode.swift in Sources */ = {isa = PBXBuildFile; fileRef = 3F1316601BCB032B00D227DD /* KeyNode.swift */; settings = {ASSET_TAGS = (); }; };
		3F29DE6A1BB440EB00ADE6F8 /* AppDelegate.swift in Sources */ = {isa = PBXBuildFile; fileRef = 3F29DE691BB440EB00ADE6F8 /* AppDelegate.swift */; };
		3F29DE6E1BB440EB00ADE6F8 /* GenericGameScene.swift in Sources */ = {isa = PBXBuildFile; fileRef = 3F29DE6D1BB440EB00ADE6F8 /* GenericGameScene.swift */; };
		3F29DE701BB440EB00ADE6F8 /* GameViewController.swift in Sources */ = {isa = PBXBuildFile; fileRef = 3F29DE6F1BB440EB00ADE6F8 /* GameViewController.swift */; };
		3F29DE731BB440EB00ADE6F8 /* Main.storyboard in Resources */ = {isa = PBXBuildFile; fileRef = 3F29DE711BB440EB00ADE6F8 /* Main.storyboard */; };
		3F29DE751BB440EB00ADE6F8 /* Assets.xcassets in Resources */ = {isa = PBXBuildFile; fileRef = 3F29DE741BB440EB00ADE6F8 /* Assets.xcassets */; };
		3F29DE781BB440EB00ADE6F8 /* LaunchScreen.storyboard in Resources */ = {isa = PBXBuildFile; fileRef = 3F29DE761BB440EB00ADE6F8 /* LaunchScreen.storyboard */; };
		3F29DE831BB440EB00ADE6F8 /* FinalChallengeTests.swift in Sources */ = {isa = PBXBuildFile; fileRef = 3F29DE821BB440EB00ADE6F8 /* FinalChallengeTests.swift */; };
		3F29DE8E1BB440EB00ADE6F8 /* FinalChallengeUITests.swift in Sources */ = {isa = PBXBuildFile; fileRef = 3F29DE8D1BB440EB00ADE6F8 /* FinalChallengeUITests.swift */; };
		3F609D601BBC6F4B00B30010 /* LevelButton.swift in Sources */ = {isa = PBXBuildFile; fileRef = 3F609D5F1BBC6F4B00B30010 /* LevelButton.swift */; settings = {ASSET_TAGS = (); }; };
		3F77937E1BBB242B0005F6D8 /* desert.png in Resources */ = {isa = PBXBuildFile; fileRef = 3F77937D1BBB242B0005F6D8 /* desert.png */; settings = {ASSET_TAGS = (); }; };
		3F7E93A91BC3007D0018BA4E /* key.png in Resources */ = {isa = PBXBuildFile; fileRef = 3F7E93A71BC3007D0018BA4E /* key.png */; settings = {ASSET_TAGS = (); }; };
		3F7E93AB1BC309B90018BA4E /* crate.png in Resources */ = {isa = PBXBuildFile; fileRef = 3F7E93AA1BC309B90018BA4E /* crate.png */; settings = {ASSET_TAGS = (); }; };
		3FA5619D1BC5AF2A009AD173 /* door.png in Resources */ = {isa = PBXBuildFile; fileRef = 3FA5619C1BC5AF2A009AD173 /* door.png */; settings = {ASSET_TAGS = (); }; };
		3FA5619F1BC5B3A0009AD173 /* AVFoundation.framework in Frameworks */ = {isa = PBXBuildFile; fileRef = 3FA5619E1BC5B3A0009AD173 /* AVFoundation.framework */; };
		3FA561A11BC5B3DA009AD173 /* AudioToolbox.framework in Frameworks */ = {isa = PBXBuildFile; fileRef = 3FA561A01BC5B3DA009AD173 /* AudioToolbox.framework */; };
		3FA561AB1BC5BF22009AD173 /* lock.png in Resources */ = {isa = PBXBuildFile; fileRef = 3FA561AA1BC5BF22009AD173 /* lock.png */; settings = {ASSET_TAGS = (); }; };
		3FA561AD1BC5BF4D009AD173 /* clock.png in Resources */ = {isa = PBXBuildFile; fileRef = 3FA561AC1BC5BF4D009AD173 /* clock.png */; settings = {ASSET_TAGS = (); }; };
		7DE112161BC5BAE10094468A /* MainMenuMusic.mp3 in Resources */ = {isa = PBXBuildFile; fileRef = 7DE112151BC5BAE10094468A /* MainMenuMusic.mp3 */; settings = {ASSET_TAGS = (); }; };
		D01F11641BBEECFE00DC6888 /* Menu.swift in Sources */ = {isa = PBXBuildFile; fileRef = D01F11631BBEECFE00DC6888 /* Menu.swift */; settings = {ASSET_TAGS = (); }; };
		D08F3B331BBC59EE008E1B79 /* JumpButton.swift in Sources */ = {isa = PBXBuildFile; fileRef = D08F3B2D1BBC59EE008E1B79 /* JumpButton.swift */; settings = {ASSET_TAGS = (); }; };
		D08F3B341BBC59EE008E1B79 /* LeftButton.swift in Sources */ = {isa = PBXBuildFile; fileRef = D08F3B2E1BBC59EE008E1B79 /* LeftButton.swift */; settings = {ASSET_TAGS = (); }; };
		D08F3B351BBC59EE008E1B79 /* PauseButton.swift in Sources */ = {isa = PBXBuildFile; fileRef = D08F3B2F1BBC59EE008E1B79 /* PauseButton.swift */; settings = {ASSET_TAGS = (); }; };
		D08F3B361BBC59EE008E1B79 /* PowerButton.swift in Sources */ = {isa = PBXBuildFile; fileRef = D08F3B301BBC59EE008E1B79 /* PowerButton.swift */; settings = {ASSET_TAGS = (); }; };
		D08F3B371BBC59EE008E1B79 /* RightButton.swift in Sources */ = {isa = PBXBuildFile; fileRef = D08F3B311BBC59EE008E1B79 /* RightButton.swift */; settings = {ASSET_TAGS = (); }; };
		D08F3B381BBC59EE008E1B79 /* SwitchCharacterButton.swift in Sources */ = {isa = PBXBuildFile; fileRef = D08F3B321BBC59EE008E1B79 /* SwitchCharacterButton.swift */; settings = {ASSET_TAGS = (); }; };
		D0B502631BB4466A006C9C90 /* GameCharacter.swift in Sources */ = {isa = PBXBuildFile; fileRef = D0B502621BB4466A006C9C90 /* GameCharacter.swift */; settings = {ASSET_TAGS = (); }; };
		D0B502651BB4467A006C9C90 /* Sam.swift in Sources */ = {isa = PBXBuildFile; fileRef = D0B502641BB4467A006C9C90 /* Sam.swift */; settings = {ASSET_TAGS = (); }; };
		D0B502671BB44689006C9C90 /* Shrink.swift in Sources */ = {isa = PBXBuildFile; fileRef = D0B502661BB44689006C9C90 /* Shrink.swift */; settings = {ASSET_TAGS = (); }; };
		D0B502691BB44690006C9C90 /* Ellie.swift in Sources */ = {isa = PBXBuildFile; fileRef = D0B502681BB44690006C9C90 /* Ellie.swift */; settings = {ASSET_TAGS = (); }; };
		D0B5026D1BB44A6E006C9C90 /* GenericObject.swift in Sources */ = {isa = PBXBuildFile; fileRef = D0B5026C1BB44A6E006C9C90 /* GenericObject.swift */; settings = {ASSET_TAGS = (); }; };
		D0B5026F1BB44A7D006C9C90 /* MovableObject.swift in Sources */ = {isa = PBXBuildFile; fileRef = D0B5026E1BB44A7D006C9C90 /* MovableObject.swift */; settings = {ASSET_TAGS = (); }; };
		D0B502711BB44A8A006C9C90 /* StaticObject.swift in Sources */ = {isa = PBXBuildFile; fileRef = D0B502701BB44A8A006C9C90 /* StaticObject.swift */; settings = {ASSET_TAGS = (); }; };
		D0B502741BB44C69006C9C90 /* DAOUserInfo.swift in Sources */ = {isa = PBXBuildFile; fileRef = D0B502731BB44C69006C9C90 /* DAOUserInfo.swift */; settings = {ASSET_TAGS = (); }; };
		D0B502761BB44C94006C9C90 /* GameCenterManager.swift in Sources */ = {isa = PBXBuildFile; fileRef = D0B502751BB44C94006C9C90 /* GameCenterManager.swift */; settings = {ASSET_TAGS = (); }; };
		D0B502781BB44CD6006C9C90 /* MapMenu.swift in Sources */ = {isa = PBXBuildFile; fileRef = D0B502771BB44CD6006C9C90 /* MapMenu.swift */; settings = {ASSET_TAGS = (); }; };
		D0B5027A1BB44CEE006C9C90 /* MainMenu.swift in Sources */ = {isa = PBXBuildFile; fileRef = D0B502791BB44CEE006C9C90 /* MainMenu.swift */; settings = {ASSET_TAGS = (); }; };
		D0B5027C1BB44D0A006C9C90 /* Settings.swift in Sources */ = {isa = PBXBuildFile; fileRef = D0B5027B1BB44D0A006C9C90 /* Settings.swift */; settings = {ASSET_TAGS = (); }; };
		D0B5027E1BB44D85006C9C90 /* UserInfo.swift in Sources */ = {isa = PBXBuildFile; fileRef = D0B5027D1BB44D85006C9C90 /* UserInfo.swift */; settings = {ASSET_TAGS = (); }; };
		D0B502801BB44DB3006C9C90 /* LevelGenerator.swift in Sources */ = {isa = PBXBuildFile; fileRef = D0B5027F1BB44DB3006C9C90 /* LevelGenerator.swift */; settings = {ASSET_TAGS = (); }; };
		D0B502831BB44E58006C9C90 /* PauseMenu.swift in Sources */ = {isa = PBXBuildFile; fileRef = D0B502821BB44E58006C9C90 /* PauseMenu.swift */; settings = {ASSET_TAGS = (); }; };
		D0B502851BB44E83006C9C90 /* GameOverMenu.swift in Sources */ = {isa = PBXBuildFile; fileRef = D0B502841BB44E83006C9C90 /* GameOverMenu.swift */; settings = {ASSET_TAGS = (); }; };
		D0B502871BB44E9F006C9C90 /* GameWinMenu.swift in Sources */ = {isa = PBXBuildFile; fileRef = D0B502861BB44E9F006C9C90 /* GameWinMenu.swift */; settings = {ASSET_TAGS = (); }; };
		D0B502891BB44EBC006C9C90 /* StoryText.swift in Sources */ = {isa = PBXBuildFile; fileRef = D0B502881BB44EBC006C9C90 /* StoryText.swift */; settings = {ASSET_TAGS = (); }; };
		D0B502951BB45165006C9C90 /* Localizable.strings in Resources */ = {isa = PBXBuildFile; fileRef = D0B502971BB45165006C9C90 /* Localizable.strings */; };
		D0B5029B1BB45259006C9C90 /* HUD.swift in Sources */ = {isa = PBXBuildFile; fileRef = D0B5029A1BB45259006C9C90 /* HUD.swift */; settings = {ASSET_TAGS = (); }; };
		D0B5029D1BB4885C006C9C90 /* UserInfo.plist in Resources */ = {isa = PBXBuildFile; fileRef = D0B5029C1BB4885C006C9C90 /* UserInfo.plist */; settings = {ASSET_TAGS = (); }; };
		E920A65E1BBC8D5A007A2C4F /* CurrentCharacterSingleton.swift in Sources */ = {isa = PBXBuildFile; fileRef = E920A65D1BBC8D5A007A2C4F /* CurrentCharacterSingleton.swift */; settings = {ASSET_TAGS = (); }; };
/* End PBXBuildFile section */

/* Begin PBXContainerItemProxy section */
		3F29DE7F1BB440EB00ADE6F8 /* PBXContainerItemProxy */ = {
			isa = PBXContainerItemProxy;
			containerPortal = 3F29DE5E1BB440EB00ADE6F8 /* Project object */;
			proxyType = 1;
			remoteGlobalIDString = 3F29DE651BB440EB00ADE6F8;
			remoteInfo = FinalChallenge;
		};
		3F29DE8A1BB440EB00ADE6F8 /* PBXContainerItemProxy */ = {
			isa = PBXContainerItemProxy;
			containerPortal = 3F29DE5E1BB440EB00ADE6F8 /* Project object */;
			proxyType = 1;
			remoteGlobalIDString = 3F29DE651BB440EB00ADE6F8;
			remoteInfo = FinalChallenge;
		};
/* End PBXContainerItemProxy section */

/* Begin PBXFileReference section */
		3F1316361BC8298500D227DD /* Level_1.txt */ = {isa = PBXFileReference; fileEncoding = 4; lastKnownFileType = text; path = Level_1.txt; sourceTree = "<group>"; };
		3F1316371BC8298500D227DD /* Level_2.txt */ = {isa = PBXFileReference; fileEncoding = 4; lastKnownFileType = text; path = Level_2.txt; sourceTree = "<group>"; };
		3F1316381BC8298500D227DD /* Level_3.txt */ = {isa = PBXFileReference; fileEncoding = 4; lastKnownFileType = text; path = Level_3.txt; sourceTree = "<group>"; };
		3F1316391BC8298500D227DD /* Level_4.txt */ = {isa = PBXFileReference; fileEncoding = 4; lastKnownFileType = text; path = Level_4.txt; sourceTree = "<group>"; };
		3F13163A1BC8298500D227DD /* Level_5.txt */ = {isa = PBXFileReference; fileEncoding = 4; lastKnownFileType = text; path = Level_5.txt; sourceTree = "<group>"; };
		3F13163B1BC8298500D227DD /* Level_6.txt */ = {isa = PBXFileReference; fileEncoding = 4; lastKnownFileType = text; path = Level_6.txt; sourceTree = "<group>"; };
		3F1316441BC8302000D227DD /* spike.png */ = {isa = PBXFileReference; lastKnownFileType = image.png; path = spike.png; sourceTree = "<group>"; };
		3F1316461BC8415100D227DD /* Level_7.txt */ = {isa = PBXFileReference; fileEncoding = 4; lastKnownFileType = text; path = Level_7.txt; sourceTree = "<group>"; };
		3F1316471BC8415100D227DD /* Level_8.txt */ = {isa = PBXFileReference; fileEncoding = 4; lastKnownFileType = text; path = Level_8.txt; sourceTree = "<group>"; };
		3F1316481BC8415100D227DD /* Level_9.txt */ = {isa = PBXFileReference; fileEncoding = 4; lastKnownFileType = text; path = Level_9.txt; sourceTree = "<group>"; };
		3F1316491BC8415100D227DD /* Level_10.txt */ = {isa = PBXFileReference; fileEncoding = 4; lastKnownFileType = text; path = Level_10.txt; sourceTree = "<group>"; };
		3F13164A1BC8415100D227DD /* Level_11.txt */ = {isa = PBXFileReference; fileEncoding = 4; lastKnownFileType = text; path = Level_11.txt; sourceTree = "<group>"; };
		3F13164B1BC8415100D227DD /* Level_12.txt */ = {isa = PBXFileReference; fileEncoding = 4; lastKnownFileType = text; path = Level_12.txt; sourceTree = "<group>"; };
		3F13164C1BC8415100D227DD /* Level_13.txt */ = {isa = PBXFileReference; fileEncoding = 4; lastKnownFileType = text; path = Level_13.txt; sourceTree = "<group>"; };
		3F13164D1BC8415100D227DD /* Level_14.txt */ = {isa = PBXFileReference; fileEncoding = 4; lastKnownFileType = text; path = Level_14.txt; sourceTree = "<group>"; };
		3F13164E1BC8415100D227DD /* Level_15.txt */ = {isa = PBXFileReference; fileEncoding = 4; lastKnownFileType = text; path = Level_15.txt; sourceTree = "<group>"; };
		3F13164F1BC8415100D227DD /* Level_16.txt */ = {isa = PBXFileReference; fileEncoding = 4; lastKnownFileType = text; path = Level_16.txt; sourceTree = "<group>"; };
		3F1316501BC8415100D227DD /* Level_17.txt */ = {isa = PBXFileReference; fileEncoding = 4; lastKnownFileType = text; path = Level_17.txt; sourceTree = "<group>"; };
		3F1316511BC8415100D227DD /* Level_18.txt */ = {isa = PBXFileReference; fileEncoding = 4; lastKnownFileType = text; path = Level_18.txt; sourceTree = "<group>"; };
		3F13165E1BCB003200D227DD /* DoorNode.swift */ = {isa = PBXFileReference; fileEncoding = 4; lastKnownFileType = sourcecode.swift; path = DoorNode.swift; sourceTree = "<group>"; };
		3F1316601BCB032B00D227DD /* KeyNode.swift */ = {isa = PBXFileReference; fileEncoding = 4; lastKnownFileType = sourcecode.swift; path = KeyNode.swift; sourceTree = "<group>"; };
		3F29DE661BB440EB00ADE6F8 /* FinalChallenge.app */ = {isa = PBXFileReference; explicitFileType = wrapper.application; includeInIndex = 0; path = FinalChallenge.app; sourceTree = BUILT_PRODUCTS_DIR; };
		3F29DE691BB440EB00ADE6F8 /* AppDelegate.swift */ = {isa = PBXFileReference; lastKnownFileType = sourcecode.swift; path = AppDelegate.swift; sourceTree = "<group>"; };
		3F29DE6D1BB440EB00ADE6F8 /* GenericGameScene.swift */ = {isa = PBXFileReference; lastKnownFileType = sourcecode.swift; path = GenericGameScene.swift; sourceTree = "<group>"; };
		3F29DE6F1BB440EB00ADE6F8 /* GameViewController.swift */ = {isa = PBXFileReference; lastKnownFileType = sourcecode.swift; path = GameViewController.swift; sourceTree = "<group>"; };
		3F29DE721BB440EB00ADE6F8 /* Base */ = {isa = PBXFileReference; lastKnownFileType = file.storyboard; name = Base; path = Base.lproj/Main.storyboard; sourceTree = "<group>"; };
		3F29DE741BB440EB00ADE6F8 /* Assets.xcassets */ = {isa = PBXFileReference; lastKnownFileType = folder.assetcatalog; path = Assets.xcassets; sourceTree = "<group>"; };
		3F29DE771BB440EB00ADE6F8 /* Base */ = {isa = PBXFileReference; lastKnownFileType = file.storyboard; name = Base; path = Base.lproj/LaunchScreen.storyboard; sourceTree = "<group>"; };
		3F29DE791BB440EB00ADE6F8 /* Info.plist */ = {isa = PBXFileReference; lastKnownFileType = text.plist.xml; path = Info.plist; sourceTree = "<group>"; };
		3F29DE7E1BB440EB00ADE6F8 /* FinalChallengeTests.xctest */ = {isa = PBXFileReference; explicitFileType = wrapper.cfbundle; includeInIndex = 0; path = FinalChallengeTests.xctest; sourceTree = BUILT_PRODUCTS_DIR; };
		3F29DE821BB440EB00ADE6F8 /* FinalChallengeTests.swift */ = {isa = PBXFileReference; lastKnownFileType = sourcecode.swift; path = FinalChallengeTests.swift; sourceTree = "<group>"; };
		3F29DE841BB440EB00ADE6F8 /* Info.plist */ = {isa = PBXFileReference; lastKnownFileType = text.plist.xml; path = Info.plist; sourceTree = "<group>"; };
		3F29DE891BB440EB00ADE6F8 /* FinalChallengeUITests.xctest */ = {isa = PBXFileReference; explicitFileType = wrapper.cfbundle; includeInIndex = 0; path = FinalChallengeUITests.xctest; sourceTree = BUILT_PRODUCTS_DIR; };
		3F29DE8D1BB440EB00ADE6F8 /* FinalChallengeUITests.swift */ = {isa = PBXFileReference; lastKnownFileType = sourcecode.swift; path = FinalChallengeUITests.swift; sourceTree = "<group>"; };
		3F29DE8F1BB440EB00ADE6F8 /* Info.plist */ = {isa = PBXFileReference; lastKnownFileType = text.plist.xml; path = Info.plist; sourceTree = "<group>"; };
		3F609D5F1BBC6F4B00B30010 /* LevelButton.swift */ = {isa = PBXFileReference; fileEncoding = 4; lastKnownFileType = sourcecode.swift; path = LevelButton.swift; sourceTree = "<group>"; };
		3F77937D1BBB242B0005F6D8 /* desert.png */ = {isa = PBXFileReference; lastKnownFileType = image.png; path = desert.png; sourceTree = "<group>"; };
		3F7E93A71BC3007D0018BA4E /* key.png */ = {isa = PBXFileReference; lastKnownFileType = image.png; path = key.png; sourceTree = "<group>"; };
		3F7E93AA1BC309B90018BA4E /* crate.png */ = {isa = PBXFileReference; lastKnownFileType = image.png; path = crate.png; sourceTree = "<group>"; };
		3FA5619C1BC5AF2A009AD173 /* door.png */ = {isa = PBXFileReference; lastKnownFileType = image.png; path = door.png; sourceTree = "<group>"; };
		3FA5619E1BC5B3A0009AD173 /* AVFoundation.framework */ = {isa = PBXFileReference; lastKnownFileType = wrapper.framework; name = AVFoundation.framework; path = System/Library/Frameworks/AVFoundation.framework; sourceTree = SDKROOT; };
		3FA561A01BC5B3DA009AD173 /* AudioToolbox.framework */ = {isa = PBXFileReference; lastKnownFileType = wrapper.framework; name = AudioToolbox.framework; path = System/Library/Frameworks/AudioToolbox.framework; sourceTree = SDKROOT; };
		3FA561AA1BC5BF22009AD173 /* lock.png */ = {isa = PBXFileReference; lastKnownFileType = image.png; path = lock.png; sourceTree = "<group>"; };
		3FA561AC1BC5BF4D009AD173 /* clock.png */ = {isa = PBXFileReference; lastKnownFileType = image.png; path = clock.png; sourceTree = "<group>"; };
		7DE112151BC5BAE10094468A /* MainMenuMusic.mp3 */ = {isa = PBXFileReference; lastKnownFileType = audio.mp3; path = MainMenuMusic.mp3; sourceTree = "<group>"; };
		D01F11631BBEECFE00DC6888 /* Menu.swift */ = {isa = PBXFileReference; fileEncoding = 4; lastKnownFileType = sourcecode.swift; path = Menu.swift; sourceTree = "<group>"; };
		D08F3B2D1BBC59EE008E1B79 /* JumpButton.swift */ = {isa = PBXFileReference; fileEncoding = 4; lastKnownFileType = sourcecode.swift; path = JumpButton.swift; sourceTree = "<group>"; };
		D08F3B2E1BBC59EE008E1B79 /* LeftButton.swift */ = {isa = PBXFileReference; fileEncoding = 4; lastKnownFileType = sourcecode.swift; path = LeftButton.swift; sourceTree = "<group>"; };
		D08F3B2F1BBC59EE008E1B79 /* PauseButton.swift */ = {isa = PBXFileReference; fileEncoding = 4; lastKnownFileType = sourcecode.swift; path = PauseButton.swift; sourceTree = "<group>"; };
		D08F3B301BBC59EE008E1B79 /* PowerButton.swift */ = {isa = PBXFileReference; fileEncoding = 4; lastKnownFileType = sourcecode.swift; path = PowerButton.swift; sourceTree = "<group>"; };
		D08F3B311BBC59EE008E1B79 /* RightButton.swift */ = {isa = PBXFileReference; fileEncoding = 4; lastKnownFileType = sourcecode.swift; path = RightButton.swift; sourceTree = "<group>"; };
		D08F3B321BBC59EE008E1B79 /* SwitchCharacterButton.swift */ = {isa = PBXFileReference; fileEncoding = 4; lastKnownFileType = sourcecode.swift; path = SwitchCharacterButton.swift; sourceTree = "<group>"; };
		D0B502621BB4466A006C9C90 /* GameCharacter.swift */ = {isa = PBXFileReference; fileEncoding = 4; lastKnownFileType = sourcecode.swift; path = GameCharacter.swift; sourceTree = "<group>"; };
		D0B502641BB4467A006C9C90 /* Sam.swift */ = {isa = PBXFileReference; fileEncoding = 4; lastKnownFileType = sourcecode.swift; path = Sam.swift; sourceTree = "<group>"; };
		D0B502661BB44689006C9C90 /* Shrink.swift */ = {isa = PBXFileReference; fileEncoding = 4; lastKnownFileType = sourcecode.swift; path = Shrink.swift; sourceTree = "<group>"; };
		D0B502681BB44690006C9C90 /* Ellie.swift */ = {isa = PBXFileReference; fileEncoding = 4; lastKnownFileType = sourcecode.swift; path = Ellie.swift; sourceTree = "<group>"; };
		D0B5026C1BB44A6E006C9C90 /* GenericObject.swift */ = {isa = PBXFileReference; fileEncoding = 4; lastKnownFileType = sourcecode.swift; path = GenericObject.swift; sourceTree = "<group>"; };
		D0B5026E1BB44A7D006C9C90 /* MovableObject.swift */ = {isa = PBXFileReference; fileEncoding = 4; lastKnownFileType = sourcecode.swift; path = MovableObject.swift; sourceTree = "<group>"; };
		D0B502701BB44A8A006C9C90 /* StaticObject.swift */ = {isa = PBXFileReference; fileEncoding = 4; lastKnownFileType = sourcecode.swift; path = StaticObject.swift; sourceTree = "<group>"; };
		D0B502731BB44C69006C9C90 /* DAOUserInfo.swift */ = {isa = PBXFileReference; fileEncoding = 4; lastKnownFileType = sourcecode.swift; path = DAOUserInfo.swift; sourceTree = "<group>"; };
		D0B502751BB44C94006C9C90 /* GameCenterManager.swift */ = {isa = PBXFileReference; fileEncoding = 4; lastKnownFileType = sourcecode.swift; path = GameCenterManager.swift; sourceTree = "<group>"; };
		D0B502771BB44CD6006C9C90 /* MapMenu.swift */ = {isa = PBXFileReference; fileEncoding = 4; lastKnownFileType = sourcecode.swift; path = MapMenu.swift; sourceTree = "<group>"; };
		D0B502791BB44CEE006C9C90 /* MainMenu.swift */ = {isa = PBXFileReference; fileEncoding = 4; lastKnownFileType = sourcecode.swift; path = MainMenu.swift; sourceTree = "<group>"; };
		D0B5027B1BB44D0A006C9C90 /* Settings.swift */ = {isa = PBXFileReference; fileEncoding = 4; lastKnownFileType = sourcecode.swift; path = Settings.swift; sourceTree = "<group>"; };
		D0B5027D1BB44D85006C9C90 /* UserInfo.swift */ = {isa = PBXFileReference; fileEncoding = 4; lastKnownFileType = sourcecode.swift; path = UserInfo.swift; sourceTree = "<group>"; };
		D0B5027F1BB44DB3006C9C90 /* LevelGenerator.swift */ = {isa = PBXFileReference; fileEncoding = 4; lastKnownFileType = sourcecode.swift; path = LevelGenerator.swift; sourceTree = "<group>"; };
		D0B502821BB44E58006C9C90 /* PauseMenu.swift */ = {isa = PBXFileReference; fileEncoding = 4; lastKnownFileType = sourcecode.swift; path = PauseMenu.swift; sourceTree = "<group>"; };
		D0B502841BB44E83006C9C90 /* GameOverMenu.swift */ = {isa = PBXFileReference; fileEncoding = 4; lastKnownFileType = sourcecode.swift; path = GameOverMenu.swift; sourceTree = "<group>"; };
		D0B502861BB44E9F006C9C90 /* GameWinMenu.swift */ = {isa = PBXFileReference; fileEncoding = 4; lastKnownFileType = sourcecode.swift; path = GameWinMenu.swift; sourceTree = "<group>"; };
		D0B502881BB44EBC006C9C90 /* StoryText.swift */ = {isa = PBXFileReference; fileEncoding = 4; lastKnownFileType = sourcecode.swift; path = StoryText.swift; sourceTree = "<group>"; };
		D0B5028F1BB44F85006C9C90 /* pt */ = {isa = PBXFileReference; lastKnownFileType = text.plist.strings; name = pt; path = pt.lproj/Main.strings; sourceTree = "<group>"; };
		D0B502901BB44F85006C9C90 /* pt */ = {isa = PBXFileReference; lastKnownFileType = text.plist.strings; name = pt; path = pt.lproj/LaunchScreen.strings; sourceTree = "<group>"; };
		D0B502981BB45169006C9C90 /* en */ = {isa = PBXFileReference; lastKnownFileType = text.plist.strings; name = en; path = en.lproj/Localizable.strings; sourceTree = "<group>"; };
		D0B502991BB45170006C9C90 /* pt */ = {isa = PBXFileReference; lastKnownFileType = text.plist.strings; name = pt; path = pt.lproj/Localizable.strings; sourceTree = "<group>"; };
		D0B5029A1BB45259006C9C90 /* HUD.swift */ = {isa = PBXFileReference; fileEncoding = 4; lastKnownFileType = sourcecode.swift; path = HUD.swift; sourceTree = "<group>"; };
		D0B5029C1BB4885C006C9C90 /* UserInfo.plist */ = {isa = PBXFileReference; fileEncoding = 4; lastKnownFileType = text.plist.xml; path = UserInfo.plist; sourceTree = "<group>"; };
		E920A65D1BBC8D5A007A2C4F /* CurrentCharacterSingleton.swift */ = {isa = PBXFileReference; fileEncoding = 4; lastKnownFileType = sourcecode.swift; path = CurrentCharacterSingleton.swift; sourceTree = "<group>"; };
/* End PBXFileReference section */

/* Begin PBXFrameworksBuildPhase section */
		3F29DE631BB440EB00ADE6F8 /* Frameworks */ = {
			isa = PBXFrameworksBuildPhase;
			buildActionMask = 2147483647;
			files = (
				3FA561A11BC5B3DA009AD173 /* AudioToolbox.framework in Frameworks */,
				3FA5619F1BC5B3A0009AD173 /* AVFoundation.framework in Frameworks */,
			);
			runOnlyForDeploymentPostprocessing = 0;
		};
		3F29DE7B1BB440EB00ADE6F8 /* Frameworks */ = {
			isa = PBXFrameworksBuildPhase;
			buildActionMask = 2147483647;
			files = (
			);
			runOnlyForDeploymentPostprocessing = 0;
		};
		3F29DE861BB440EB00ADE6F8 /* Frameworks */ = {
			isa = PBXFrameworksBuildPhase;
			buildActionMask = 2147483647;
			files = (
			);
			runOnlyForDeploymentPostprocessing = 0;
		};
/* End PBXFrameworksBuildPhase section */

/* Begin PBXGroup section */
		3F1316351BC8298500D227DD /* Levels */ = {
			isa = PBXGroup;
			children = (
				3F1316361BC8298500D227DD /* Level_1.txt */,
				3F1316371BC8298500D227DD /* Level_2.txt */,
				3F1316381BC8298500D227DD /* Level_3.txt */,
				3F1316391BC8298500D227DD /* Level_4.txt */,
				3F13163A1BC8298500D227DD /* Level_5.txt */,
				3F13163B1BC8298500D227DD /* Level_6.txt */,
				3F1316461BC8415100D227DD /* Level_7.txt */,
				3F1316471BC8415100D227DD /* Level_8.txt */,
				3F1316481BC8415100D227DD /* Level_9.txt */,
				3F1316491BC8415100D227DD /* Level_10.txt */,
				3F13164A1BC8415100D227DD /* Level_11.txt */,
				3F13164B1BC8415100D227DD /* Level_12.txt */,
				3F13164C1BC8415100D227DD /* Level_13.txt */,
				3F13164D1BC8415100D227DD /* Level_14.txt */,
				3F13164E1BC8415100D227DD /* Level_15.txt */,
				3F13164F1BC8415100D227DD /* Level_16.txt */,
				3F1316501BC8415100D227DD /* Level_17.txt */,
				3F1316511BC8415100D227DD /* Level_18.txt */,
			);
			path = Levels;
			sourceTree = "<group>";
		};
		3F29DE5D1BB440EB00ADE6F8 = {
			isa = PBXGroup;
			children = (
				7DE112151BC5BAE10094468A /* MainMenuMusic.mp3 */,
				3FA561A01BC5B3DA009AD173 /* AudioToolbox.framework */,
				3FA5619E1BC5B3A0009AD173 /* AVFoundation.framework */,
				3F29DE681BB440EB00ADE6F8 /* FinalChallenge */,
				3F29DE811BB440EB00ADE6F8 /* FinalChallengeTests */,
				3F29DE8C1BB440EB00ADE6F8 /* FinalChallengeUITests */,
				3F29DE671BB440EB00ADE6F8 /* Products */,
			);
			sourceTree = "<group>";
		};
		3F29DE671BB440EB00ADE6F8 /* Products */ = {
			isa = PBXGroup;
			children = (
				3F29DE661BB440EB00ADE6F8 /* FinalChallenge.app */,
				3F29DE7E1BB440EB00ADE6F8 /* FinalChallengeTests.xctest */,
				3F29DE891BB440EB00ADE6F8 /* FinalChallengeUITests.xctest */,
			);
			name = Products;
			sourceTree = "<group>";
		};
		3F29DE681BB440EB00ADE6F8 /* FinalChallenge */ = {
			isa = PBXGroup;
			children = (
				D0B502611BB44656006C9C90 /* Objects */,
				D0B502601BB4464F006C9C90 /* Character */,
				D0B5025F1BB44649006C9C90 /* Menu */,
				D0B5025E1BB44634006C9C90 /* Game */,
				D0B5025D1BB44623006C9C90 /* Model */,
				3F29DE6F1BB440EB00ADE6F8 /* GameViewController.swift */,
				D0B502971BB45165006C9C90 /* Localizable.strings */,
				D0B502721BB44C19006C9C90 /* Supporting Files */,
			);
			path = FinalChallenge;
			sourceTree = "<group>";
		};
		3F29DE811BB440EB00ADE6F8 /* FinalChallengeTests */ = {
			isa = PBXGroup;
			children = (
				3F29DE821BB440EB00ADE6F8 /* FinalChallengeTests.swift */,
				3F29DE841BB440EB00ADE6F8 /* Info.plist */,
			);
			path = FinalChallengeTests;
			sourceTree = "<group>";
		};
		3F29DE8C1BB440EB00ADE6F8 /* FinalChallengeUITests */ = {
			isa = PBXGroup;
			children = (
				3F29DE8D1BB440EB00ADE6F8 /* FinalChallengeUITests.swift */,
				3F29DE8F1BB440EB00ADE6F8 /* Info.plist */,
			);
			path = FinalChallengeUITests;
			sourceTree = "<group>";
		};
		D08F3B391BBC59F7008E1B79 /* HUD */ = {
			isa = PBXGroup;
			children = (
				D08F3B321BBC59EE008E1B79 /* SwitchCharacterButton.swift */,
				D08F3B2D1BBC59EE008E1B79 /* JumpButton.swift */,
				D08F3B2E1BBC59EE008E1B79 /* LeftButton.swift */,
				D08F3B2F1BBC59EE008E1B79 /* PauseButton.swift */,
				D08F3B301BBC59EE008E1B79 /* PowerButton.swift */,
				D08F3B311BBC59EE008E1B79 /* RightButton.swift */,
			);
			name = HUD;
			sourceTree = "<group>";
		};
		D0B5025D1BB44623006C9C90 /* Model */ = {
			isa = PBXGroup;
			children = (
				D0B5029C1BB4885C006C9C90 /* UserInfo.plist */,
				D0B502731BB44C69006C9C90 /* DAOUserInfo.swift */,
				D0B5027D1BB44D85006C9C90 /* UserInfo.swift */,
				D0B502751BB44C94006C9C90 /* GameCenterManager.swift */,
			);
			name = Model;
			sourceTree = "<group>";
		};
		D0B5025E1BB44634006C9C90 /* Game */ = {
			isa = PBXGroup;
			children = (
				D08F3B391BBC59F7008E1B79 /* HUD */,
				3F29DE6D1BB440EB00ADE6F8 /* GenericGameScene.swift */,
				E920A65D1BBC8D5A007A2C4F /* CurrentCharacterSingleton.swift */,
				D0B5027F1BB44DB3006C9C90 /* LevelGenerator.swift */,
				D0B502881BB44EBC006C9C90 /* StoryText.swift */,
				D0B5029A1BB45259006C9C90 /* HUD.swift */,
				D0B502811BB44DDB006C9C90 /* Popup Menu */,
			);
			name = Game;
			sourceTree = "<group>";
		};
		D0B5025F1BB44649006C9C90 /* Menu */ = {
			isa = PBXGroup;
			children = (
				D0B502771BB44CD6006C9C90 /* MapMenu.swift */,
				3F609D5F1BBC6F4B00B30010 /* LevelButton.swift */,
				D0B502791BB44CEE006C9C90 /* MainMenu.swift */,
				D0B5027B1BB44D0A006C9C90 /* Settings.swift */,
			);
			name = Menu;
			sourceTree = "<group>";
		};
		D0B502601BB4464F006C9C90 /* Character */ = {
			isa = PBXGroup;
			children = (
				D0B502621BB4466A006C9C90 /* GameCharacter.swift */,
				D0B502641BB4467A006C9C90 /* Sam.swift */,
				D0B502661BB44689006C9C90 /* Shrink.swift */,
				D0B502681BB44690006C9C90 /* Ellie.swift */,
			);
			name = Character;
			sourceTree = "<group>";
		};
		D0B502611BB44656006C9C90 /* Objects */ = {
			isa = PBXGroup;
			children = (
				D0B5026C1BB44A6E006C9C90 /* GenericObject.swift */,
				D0B5026E1BB44A7D006C9C90 /* MovableObject.swift */,
				D0B502701BB44A8A006C9C90 /* StaticObject.swift */,
				3F13165E1BCB003200D227DD /* DoorNode.swift */,
				3F1316601BCB032B00D227DD /* KeyNode.swift */,
			);
			name = Objects;
			sourceTree = "<group>";
		};
		D0B502721BB44C19006C9C90 /* Supporting Files */ = {
			isa = PBXGroup;
			children = (
				3F1316351BC8298500D227DD /* Levels */,
				3FA5619C1BC5AF2A009AD173 /* door.png */,
				3F1316441BC8302000D227DD /* spike.png */,
				3F7E93A71BC3007D0018BA4E /* key.png */,
				3FA561AC1BC5BF4D009AD173 /* clock.png */,
				3FA561AA1BC5BF22009AD173 /* lock.png */,
				3F7E93AA1BC309B90018BA4E /* crate.png */,
				3F77937D1BBB242B0005F6D8 /* desert.png */,
				3F29DE711BB440EB00ADE6F8 /* Main.storyboard */,
				3F29DE761BB440EB00ADE6F8 /* LaunchScreen.storyboard */,
				3F29DE791BB440EB00ADE6F8 /* Info.plist */,
				3F29DE741BB440EB00ADE6F8 /* Assets.xcassets */,
				3F29DE691BB440EB00ADE6F8 /* AppDelegate.swift */,
			);
			name = "Supporting Files";
			sourceTree = "<group>";
		};
		D0B502811BB44DDB006C9C90 /* Popup Menu */ = {
			isa = PBXGroup;
			children = (
				D01F11631BBEECFE00DC6888 /* Menu.swift */,
				D0B502821BB44E58006C9C90 /* PauseMenu.swift */,
				D0B502841BB44E83006C9C90 /* GameOverMenu.swift */,
				D0B502861BB44E9F006C9C90 /* GameWinMenu.swift */,
			);
			name = "Popup Menu";
			sourceTree = "<group>";
		};
/* End PBXGroup section */

/* Begin PBXNativeTarget section */
		3F29DE651BB440EB00ADE6F8 /* FinalChallenge */ = {
			isa = PBXNativeTarget;
			buildConfigurationList = 3F29DE921BB440EB00ADE6F8 /* Build configuration list for PBXNativeTarget "FinalChallenge" */;
			buildPhases = (
				3F29DE621BB440EB00ADE6F8 /* Sources */,
				3F29DE631BB440EB00ADE6F8 /* Frameworks */,
				3F29DE641BB440EB00ADE6F8 /* Resources */,
			);
			buildRules = (
			);
			dependencies = (
			);
			name = FinalChallenge;
			productName = FinalChallenge;
			productReference = 3F29DE661BB440EB00ADE6F8 /* FinalChallenge.app */;
			productType = "com.apple.product-type.application";
		};
		3F29DE7D1BB440EB00ADE6F8 /* FinalChallengeTests */ = {
			isa = PBXNativeTarget;
			buildConfigurationList = 3F29DE951BB440EB00ADE6F8 /* Build configuration list for PBXNativeTarget "FinalChallengeTests" */;
			buildPhases = (
				3F29DE7A1BB440EB00ADE6F8 /* Sources */,
				3F29DE7B1BB440EB00ADE6F8 /* Frameworks */,
				3F29DE7C1BB440EB00ADE6F8 /* Resources */,
			);
			buildRules = (
			);
			dependencies = (
				3F29DE801BB440EB00ADE6F8 /* PBXTargetDependency */,
			);
			name = FinalChallengeTests;
			productName = FinalChallengeTests;
			productReference = 3F29DE7E1BB440EB00ADE6F8 /* FinalChallengeTests.xctest */;
			productType = "com.apple.product-type.bundle.unit-test";
		};
		3F29DE881BB440EB00ADE6F8 /* FinalChallengeUITests */ = {
			isa = PBXNativeTarget;
			buildConfigurationList = 3F29DE981BB440EB00ADE6F8 /* Build configuration list for PBXNativeTarget "FinalChallengeUITests" */;
			buildPhases = (
				3F29DE851BB440EB00ADE6F8 /* Sources */,
				3F29DE861BB440EB00ADE6F8 /* Frameworks */,
				3F29DE871BB440EB00ADE6F8 /* Resources */,
			);
			buildRules = (
			);
			dependencies = (
				3F29DE8B1BB440EB00ADE6F8 /* PBXTargetDependency */,
			);
			name = FinalChallengeUITests;
			productName = FinalChallengeUITests;
			productReference = 3F29DE891BB440EB00ADE6F8 /* FinalChallengeUITests.xctest */;
			productType = "com.apple.product-type.bundle.ui-testing";
		};
/* End PBXNativeTarget section */

/* Begin PBXProject section */
		3F29DE5E1BB440EB00ADE6F8 /* Project object */ = {
			isa = PBXProject;
			attributes = {
				LastSwiftUpdateCheck = 0700;
				LastUpgradeCheck = 0700;
				ORGANIZATIONNAME = Hjlmt;
				TargetAttributes = {
					3F29DE651BB440EB00ADE6F8 = {
						CreatedOnToolsVersion = 7.0;
						DevelopmentTeam = KBBQ26V2UR;
					};
					3F29DE7D1BB440EB00ADE6F8 = {
						CreatedOnToolsVersion = 7.0;
						TestTargetID = 3F29DE651BB440EB00ADE6F8;
					};
					3F29DE881BB440EB00ADE6F8 = {
						CreatedOnToolsVersion = 7.0;
						TestTargetID = 3F29DE651BB440EB00ADE6F8;
					};
				};
			};
			buildConfigurationList = 3F29DE611BB440EB00ADE6F8 /* Build configuration list for PBXProject "FinalChallenge" */;
			compatibilityVersion = "Xcode 3.2";
			developmentRegion = English;
			hasScannedForEncodings = 0;
			knownRegions = (
				en,
				Base,
				pt,
			);
			mainGroup = 3F29DE5D1BB440EB00ADE6F8;
			productRefGroup = 3F29DE671BB440EB00ADE6F8 /* Products */;
			projectDirPath = "";
			projectRoot = "";
			targets = (
				3F29DE651BB440EB00ADE6F8 /* FinalChallenge */,
				3F29DE7D1BB440EB00ADE6F8 /* FinalChallengeTests */,
				3F29DE881BB440EB00ADE6F8 /* FinalChallengeUITests */,
			);
		};
/* End PBXProject section */

/* Begin PBXResourcesBuildPhase section */
		3F29DE641BB440EB00ADE6F8 /* Resources */ = {
			isa = PBXResourcesBuildPhase;
			buildActionMask = 2147483647;
			files = (
				3F1316421BC8298500D227DD /* Level_6.txt in Resources */,
				3F7E93AB1BC309B90018BA4E /* crate.png in Resources */,
				3FA5619D1BC5AF2A009AD173 /* door.png in Resources */,
				3F1316561BC8415100D227DD /* Level_11.txt in Resources */,
				3F1316411BC8298500D227DD /* Level_5.txt in Resources */,
				3F1316551BC8415100D227DD /* Level_10.txt in Resources */,
				3F7E93A91BC3007D0018BA4E /* key.png in Resources */,
				3F1316541BC8415100D227DD /* Level_9.txt in Resources */,
				3F13163F1BC8298500D227DD /* Level_3.txt in Resources */,
				3F1316401BC8298500D227DD /* Level_4.txt in Resources */,
				3F1316451BC8302000D227DD /* spike.png in Resources */,
				3F29DE781BB440EB00ADE6F8 /* LaunchScreen.storyboard in Resources */,
				3F1316571BC8415100D227DD /* Level_12.txt in Resources */,
				3F1316581BC8415100D227DD /* Level_13.txt in Resources */,
				D0B502951BB45165006C9C90 /* Localizable.strings in Resources */,
				3F13163D1BC8298500D227DD /* Level_1.txt in Resources */,
				3F13165B1BC8415100D227DD /* Level_16.txt in Resources */,
				3F13165D1BC8415100D227DD /* Level_18.txt in Resources */,
				3F77937E1BBB242B0005F6D8 /* desert.png in Resources */,
				3F1316531BC8415100D227DD /* Level_8.txt in Resources */,
				3FA561AD1BC5BF4D009AD173 /* clock.png in Resources */,
				3F13163E1BC8298500D227DD /* Level_2.txt in Resources */,
				3F29DE751BB440EB00ADE6F8 /* Assets.xcassets in Resources */,
				3F1316591BC8415100D227DD /* Level_14.txt in Resources */,
				3FA561AB1BC5BF22009AD173 /* lock.png in Resources */,
				7DE112161BC5BAE10094468A /* MainMenuMusic.mp3 in Resources */,
				D0B5029D1BB4885C006C9C90 /* UserInfo.plist in Resources */,
				3F29DE731BB440EB00ADE6F8 /* Main.storyboard in Resources */,
				3F13165C1BC8415100D227DD /* Level_17.txt in Resources */,
				3F1316521BC8415100D227DD /* Level_7.txt in Resources */,
				3F13165A1BC8415100D227DD /* Level_15.txt in Resources */,
			);
			runOnlyForDeploymentPostprocessing = 0;
		};
		3F29DE7C1BB440EB00ADE6F8 /* Resources */ = {
			isa = PBXResourcesBuildPhase;
			buildActionMask = 2147483647;
			files = (
			);
			runOnlyForDeploymentPostprocessing = 0;
		};
		3F29DE871BB440EB00ADE6F8 /* Resources */ = {
			isa = PBXResourcesBuildPhase;
			buildActionMask = 2147483647;
			files = (
			);
			runOnlyForDeploymentPostprocessing = 0;
		};
/* End PBXResourcesBuildPhase section */

/* Begin PBXSourcesBuildPhase section */
		3F29DE621BB440EB00ADE6F8 /* Sources */ = {
			isa = PBXSourcesBuildPhase;
			buildActionMask = 2147483647;
			files = (
				D0B502711BB44A8A006C9C90 /* StaticObject.swift in Sources */,
				3F1316611BCB032B00D227DD /* KeyNode.swift in Sources */,
				3F29DE6E1BB440EB00ADE6F8 /* GenericGameScene.swift in Sources */,
				D08F3B341BBC59EE008E1B79 /* LeftButton.swift in Sources */,
				3F13165F1BCB003200D227DD /* DoorNode.swift in Sources */,
				D0B502891BB44EBC006C9C90 /* StoryText.swift in Sources */,
				D0B502691BB44690006C9C90 /* Ellie.swift in Sources */,
				3F609D601BBC6F4B00B30010 /* LevelButton.swift in Sources */,
				D0B5026D1BB44A6E006C9C90 /* GenericObject.swift in Sources */,
				D0B5027E1BB44D85006C9C90 /* UserInfo.swift in Sources */,
				D0B502851BB44E83006C9C90 /* GameOverMenu.swift in Sources */,
				D0B502831BB44E58006C9C90 /* PauseMenu.swift in Sources */,
				D0B502651BB4467A006C9C90 /* Sam.swift in Sources */,
				D0B5027C1BB44D0A006C9C90 /* Settings.swift in Sources */,
				3F29DE701BB440EB00ADE6F8 /* GameViewController.swift in Sources */,
				E920A65E1BBC8D5A007A2C4F /* CurrentCharacterSingleton.swift in Sources */,
				D08F3B331BBC59EE008E1B79 /* JumpButton.swift in Sources */,
				D08F3B381BBC59EE008E1B79 /* SwitchCharacterButton.swift in Sources */,
				3F29DE6A1BB440EB00ADE6F8 /* AppDelegate.swift in Sources */,
				D0B502671BB44689006C9C90 /* Shrink.swift in Sources */,
				D0B502801BB44DB3006C9C90 /* LevelGenerator.swift in Sources */,
				D0B502871BB44E9F006C9C90 /* GameWinMenu.swift in Sources */,
				D0B502781BB44CD6006C9C90 /* MapMenu.swift in Sources */,
				D08F3B351BBC59EE008E1B79 /* PauseButton.swift in Sources */,
				D0B5027A1BB44CEE006C9C90 /* MainMenu.swift in Sources */,
				D0B5029B1BB45259006C9C90 /* HUD.swift in Sources */,
				D0B502761BB44C94006C9C90 /* GameCenterManager.swift in Sources */,
				D0B502741BB44C69006C9C90 /* DAOUserInfo.swift in Sources */,
				D08F3B371BBC59EE008E1B79 /* RightButton.swift in Sources */,
				D08F3B361BBC59EE008E1B79 /* PowerButton.swift in Sources */,
				D0B5026F1BB44A7D006C9C90 /* MovableObject.swift in Sources */,
				D01F11641BBEECFE00DC6888 /* Menu.swift in Sources */,
				D0B502631BB4466A006C9C90 /* GameCharacter.swift in Sources */,
			);
			runOnlyForDeploymentPostprocessing = 0;
		};
		3F29DE7A1BB440EB00ADE6F8 /* Sources */ = {
			isa = PBXSourcesBuildPhase;
			buildActionMask = 2147483647;
			files = (
				3F29DE831BB440EB00ADE6F8 /* FinalChallengeTests.swift in Sources */,
			);
			runOnlyForDeploymentPostprocessing = 0;
		};
		3F29DE851BB440EB00ADE6F8 /* Sources */ = {
			isa = PBXSourcesBuildPhase;
			buildActionMask = 2147483647;
			files = (
				3F29DE8E1BB440EB00ADE6F8 /* FinalChallengeUITests.swift in Sources */,
			);
			runOnlyForDeploymentPostprocessing = 0;
		};
/* End PBXSourcesBuildPhase section */

/* Begin PBXTargetDependency section */
		3F29DE801BB440EB00ADE6F8 /* PBXTargetDependency */ = {
			isa = PBXTargetDependency;
			target = 3F29DE651BB440EB00ADE6F8 /* FinalChallenge */;
			targetProxy = 3F29DE7F1BB440EB00ADE6F8 /* PBXContainerItemProxy */;
		};
		3F29DE8B1BB440EB00ADE6F8 /* PBXTargetDependency */ = {
			isa = PBXTargetDependency;
			target = 3F29DE651BB440EB00ADE6F8 /* FinalChallenge */;
			targetProxy = 3F29DE8A1BB440EB00ADE6F8 /* PBXContainerItemProxy */;
		};
/* End PBXTargetDependency section */

/* Begin PBXVariantGroup section */
		3F29DE711BB440EB00ADE6F8 /* Main.storyboard */ = {
			isa = PBXVariantGroup;
			children = (
				3F29DE721BB440EB00ADE6F8 /* Base */,
				D0B5028F1BB44F85006C9C90 /* pt */,
			);
			name = Main.storyboard;
			sourceTree = "<group>";
		};
		3F29DE761BB440EB00ADE6F8 /* LaunchScreen.storyboard */ = {
			isa = PBXVariantGroup;
			children = (
				3F29DE771BB440EB00ADE6F8 /* Base */,
				D0B502901BB44F85006C9C90 /* pt */,
			);
			name = LaunchScreen.storyboard;
			sourceTree = "<group>";
		};
		D0B502971BB45165006C9C90 /* Localizable.strings */ = {
			isa = PBXVariantGroup;
			children = (
				D0B502981BB45169006C9C90 /* en */,
				D0B502991BB45170006C9C90 /* pt */,
			);
			name = Localizable.strings;
			sourceTree = "<group>";
		};
/* End PBXVariantGroup section */

/* Begin XCBuildConfiguration section */
		3F29DE901BB440EB00ADE6F8 /* Debug */ = {
			isa = XCBuildConfiguration;
			buildSettings = {
				ALWAYS_SEARCH_USER_PATHS = NO;
				CLANG_CXX_LANGUAGE_STANDARD = "gnu++0x";
				CLANG_CXX_LIBRARY = "libc++";
				CLANG_ENABLE_MODULES = YES;
				CLANG_ENABLE_OBJC_ARC = YES;
				CLANG_WARN_BOOL_CONVERSION = YES;
				CLANG_WARN_CONSTANT_CONVERSION = YES;
				CLANG_WARN_DIRECT_OBJC_ISA_USAGE = YES_ERROR;
				CLANG_WARN_EMPTY_BODY = YES;
				CLANG_WARN_ENUM_CONVERSION = YES;
				CLANG_WARN_INT_CONVERSION = YES;
				CLANG_WARN_OBJC_ROOT_CLASS = YES_ERROR;
				CLANG_WARN_UNREACHABLE_CODE = YES;
				CLANG_WARN__DUPLICATE_METHOD_MATCH = YES;
				"CODE_SIGN_IDENTITY[sdk=iphoneos*]" = "iPhone Developer";
				COPY_PHASE_STRIP = NO;
				DEBUG_INFORMATION_FORMAT = "dwarf-with-dsym";
				ENABLE_STRICT_OBJC_MSGSEND = YES;
				ENABLE_TESTABILITY = YES;
				GCC_C_LANGUAGE_STANDARD = gnu99;
				GCC_DYNAMIC_NO_PIC = NO;
				GCC_NO_COMMON_BLOCKS = YES;
				GCC_OPTIMIZATION_LEVEL = 0;
				GCC_PREPROCESSOR_DEFINITIONS = (
					"DEBUG=1",
					"$(inherited)",
				);
				GCC_WARN_64_TO_32_BIT_CONVERSION = YES;
				GCC_WARN_ABOUT_RETURN_TYPE = YES_ERROR;
				GCC_WARN_UNDECLARED_SELECTOR = YES;
				GCC_WARN_UNINITIALIZED_AUTOS = YES_AGGRESSIVE;
				GCC_WARN_UNUSED_FUNCTION = YES;
				GCC_WARN_UNUSED_VARIABLE = YES;
				IPHONEOS_DEPLOYMENT_TARGET = 9.0;
				MTL_ENABLE_DEBUG_INFO = YES;
				ONLY_ACTIVE_ARCH = YES;
				SDKROOT = iphoneos;
				SWIFT_OPTIMIZATION_LEVEL = "-Onone";
				TARGETED_DEVICE_FAMILY = "1,2";
			};
			name = Debug;
		};
		3F29DE911BB440EB00ADE6F8 /* Release */ = {
			isa = XCBuildConfiguration;
			buildSettings = {
				ALWAYS_SEARCH_USER_PATHS = NO;
				CLANG_CXX_LANGUAGE_STANDARD = "gnu++0x";
				CLANG_CXX_LIBRARY = "libc++";
				CLANG_ENABLE_MODULES = YES;
				CLANG_ENABLE_OBJC_ARC = YES;
				CLANG_WARN_BOOL_CONVERSION = YES;
				CLANG_WARN_CONSTANT_CONVERSION = YES;
				CLANG_WARN_DIRECT_OBJC_ISA_USAGE = YES_ERROR;
				CLANG_WARN_EMPTY_BODY = YES;
				CLANG_WARN_ENUM_CONVERSION = YES;
				CLANG_WARN_INT_CONVERSION = YES;
				CLANG_WARN_OBJC_ROOT_CLASS = YES_ERROR;
				CLANG_WARN_UNREACHABLE_CODE = YES;
				CLANG_WARN__DUPLICATE_METHOD_MATCH = YES;
				"CODE_SIGN_IDENTITY[sdk=iphoneos*]" = "iPhone Developer";
				COPY_PHASE_STRIP = NO;
				DEBUG_INFORMATION_FORMAT = "dwarf-with-dsym";
				ENABLE_NS_ASSERTIONS = NO;
				ENABLE_STRICT_OBJC_MSGSEND = YES;
				GCC_C_LANGUAGE_STANDARD = gnu99;
				GCC_NO_COMMON_BLOCKS = YES;
				GCC_WARN_64_TO_32_BIT_CONVERSION = YES;
				GCC_WARN_ABOUT_RETURN_TYPE = YES_ERROR;
				GCC_WARN_UNDECLARED_SELECTOR = YES;
				GCC_WARN_UNINITIALIZED_AUTOS = YES_AGGRESSIVE;
				GCC_WARN_UNUSED_FUNCTION = YES;
				GCC_WARN_UNUSED_VARIABLE = YES;
				IPHONEOS_DEPLOYMENT_TARGET = 9.0;
				MTL_ENABLE_DEBUG_INFO = NO;
				SDKROOT = iphoneos;
				TARGETED_DEVICE_FAMILY = "1,2";
				VALIDATE_PRODUCT = YES;
			};
			name = Release;
		};
		3F29DE931BB440EB00ADE6F8 /* Debug */ = {
			isa = XCBuildConfiguration;
			buildSettings = {
				ASSETCATALOG_COMPILER_APPICON_NAME = AppIcon;
				CODE_SIGN_IDENTITY = "iPhone Developer";
				"CODE_SIGN_IDENTITY[sdk=iphoneos*]" = "iPhone Developer";
				INFOPLIST_FILE = FinalChallenge/Info.plist;
				LD_RUNPATH_SEARCH_PATHS = "$(inherited) @executable_path/Frameworks";
				PRODUCT_BUNDLE_IDENTIFIER = com.hjlmt.FinalChallenge;
				PRODUCT_NAME = "$(TARGET_NAME)";
				PROVISIONING_PROFILE = "";
			};
			name = Debug;
		};
		3F29DE941BB440EB00ADE6F8 /* Release */ = {
			isa = XCBuildConfiguration;
			buildSettings = {
				ASSETCATALOG_COMPILER_APPICON_NAME = AppIcon;
				CODE_SIGN_IDENTITY = "iPhone Developer";
				"CODE_SIGN_IDENTITY[sdk=iphoneos*]" = "iPhone Developer";
				INFOPLIST_FILE = FinalChallenge/Info.plist;
				LD_RUNPATH_SEARCH_PATHS = "$(inherited) @executable_path/Frameworks";
				PRODUCT_BUNDLE_IDENTIFIER = com.hjlmt.FinalChallenge;
				PRODUCT_NAME = "$(TARGET_NAME)";
				PROVISIONING_PROFILE = "";
			};
			name = Release;
		};
		3F29DE961BB440EB00ADE6F8 /* Debug */ = {
			isa = XCBuildConfiguration;
			buildSettings = {
				BUNDLE_LOADER = "$(TEST_HOST)";
				DEBUG_INFORMATION_FORMAT = dwarf;
				INFOPLIST_FILE = FinalChallengeTests/Info.plist;
				LD_RUNPATH_SEARCH_PATHS = "$(inherited) @executable_path/Frameworks @loader_path/Frameworks";
				PRODUCT_BUNDLE_IDENTIFIER = com.hjlmt.FinalChallengeTests;
				PRODUCT_NAME = "$(TARGET_NAME)";
				TEST_HOST = "$(BUILT_PRODUCTS_DIR)/FinalChallenge.app/FinalChallenge";
			};
			name = Debug;
		};
		3F29DE971BB440EB00ADE6F8 /* Release */ = {
			isa = XCBuildConfiguration;
			buildSettings = {
				BUNDLE_LOADER = "$(TEST_HOST)";
				INFOPLIST_FILE = FinalChallengeTests/Info.plist;
				LD_RUNPATH_SEARCH_PATHS = "$(inherited) @executable_path/Frameworks @loader_path/Frameworks";
				PRODUCT_BUNDLE_IDENTIFIER = com.hjlmt.FinalChallengeTests;
				PRODUCT_NAME = "$(TARGET_NAME)";
				TEST_HOST = "$(BUILT_PRODUCTS_DIR)/FinalChallenge.app/FinalChallenge";
			};
			name = Release;
		};
		3F29DE991BB440EB00ADE6F8 /* Debug */ = {
			isa = XCBuildConfiguration;
			buildSettings = {
				DEBUG_INFORMATION_FORMAT = dwarf;
				INFOPLIST_FILE = FinalChallengeUITests/Info.plist;
				LD_RUNPATH_SEARCH_PATHS = "$(inherited) @executable_path/Frameworks @loader_path/Frameworks";
				PRODUCT_BUNDLE_IDENTIFIER = com.hjlmt.FinalChallengeUITests;
				PRODUCT_NAME = "$(TARGET_NAME)";
				TEST_TARGET_NAME = FinalChallenge;
				USES_XCTRUNNER = YES;
			};
			name = Debug;
		};
		3F29DE9A1BB440EB00ADE6F8 /* Release */ = {
			isa = XCBuildConfiguration;
			buildSettings = {
				INFOPLIST_FILE = FinalChallengeUITests/Info.plist;
				LD_RUNPATH_SEARCH_PATHS = "$(inherited) @executable_path/Frameworks @loader_path/Frameworks";
				PRODUCT_BUNDLE_IDENTIFIER = com.hjlmt.FinalChallengeUITests;
				PRODUCT_NAME = "$(TARGET_NAME)";
				TEST_TARGET_NAME = FinalChallenge;
				USES_XCTRUNNER = YES;
			};
			name = Release;
		};
/* End XCBuildConfiguration section */

/* Begin XCConfigurationList section */
		3F29DE611BB440EB00ADE6F8 /* Build configuration list for PBXProject "FinalChallenge" */ = {
			isa = XCConfigurationList;
			buildConfigurations = (
				3F29DE901BB440EB00ADE6F8 /* Debug */,
				3F29DE911BB440EB00ADE6F8 /* Release */,
			);
			defaultConfigurationIsVisible = 0;
			defaultConfigurationName = Release;
		};
		3F29DE921BB440EB00ADE6F8 /* Build configuration list for PBXNativeTarget "FinalChallenge" */ = {
			isa = XCConfigurationList;
			buildConfigurations = (
				3F29DE931BB440EB00ADE6F8 /* Debug */,
				3F29DE941BB440EB00ADE6F8 /* Release */,
			);
			defaultConfigurationIsVisible = 0;
			defaultConfigurationName = Release;
		};
		3F29DE951BB440EB00ADE6F8 /* Build configuration list for PBXNativeTarget "FinalChallengeTests" */ = {
			isa = XCConfigurationList;
			buildConfigurations = (
				3F29DE961BB440EB00ADE6F8 /* Debug */,
				3F29DE971BB440EB00ADE6F8 /* Release */,
			);
			defaultConfigurationIsVisible = 0;
			defaultConfigurationName = Release;
		};
		3F29DE981BB440EB00ADE6F8 /* Build configuration list for PBXNativeTarget "FinalChallengeUITests" */ = {
			isa = XCConfigurationList;
			buildConfigurations = (
				3F29DE991BB440EB00ADE6F8 /* Debug */,
				3F29DE9A1BB440EB00ADE6F8 /* Release */,
			);
			defaultConfigurationIsVisible = 0;
			defaultConfigurationName = Release;
		};
/* End XCConfigurationList section */
	};
	rootObject = 3F29DE5E1BB440EB00ADE6F8 /* Project object */;
}
