// !$*UTF8*$!
{
	archiveVersion = 1;
	classes = {
	};
	objectVersion = 46;
	objects = {

/* Begin PBXBuildFile section */
		3F29DE6A1BB440EB00ADE6F8 /* AppDelegate.swift in Sources */ = {isa = PBXBuildFile; fileRef = 3F29DE691BB440EB00ADE6F8 /* AppDelegate.swift */; };
		3F29DE6E1BB440EB00ADE6F8 /* GenericGameScene.swift in Sources */ = {isa = PBXBuildFile; fileRef = 3F29DE6D1BB440EB00ADE6F8 /* GenericGameScene.swift */; };
		3F29DE701BB440EB00ADE6F8 /* GameViewController.swift in Sources */ = {isa = PBXBuildFile; fileRef = 3F29DE6F1BB440EB00ADE6F8 /* GameViewController.swift */; };
		3F29DE731BB440EB00ADE6F8 /* Main.storyboard in Resources */ = {isa = PBXBuildFile; fileRef = 3F29DE711BB440EB00ADE6F8 /* Main.storyboard */; };
		3F29DE751BB440EB00ADE6F8 /* Assets.xcassets in Resources */ = {isa = PBXBuildFile; fileRef = 3F29DE741BB440EB00ADE6F8 /* Assets.xcassets */; };
		3F29DE781BB440EB00ADE6F8 /* LaunchScreen.storyboard in Resources */ = {isa = PBXBuildFile; fileRef = 3F29DE761BB440EB00ADE6F8 /* LaunchScreen.storyboard */; };
		3F29DE831BB440EB00ADE6F8 /* FinalChallengeTests.swift in Sources */ = {isa = PBXBuildFile; fileRef = 3F29DE821BB440EB00ADE6F8 /* FinalChallengeTests.swift */; };
		3F29DE8E1BB440EB00ADE6F8 /* FinalChallengeUITests.swift in Sources */ = {isa = PBXBuildFile; fileRef = 3F29DE8D1BB440EB00ADE6F8 /* FinalChallengeUITests.swift */; };
		3F7793741BBAE3B50005F6D8 /* back.png in Resources */ = {isa = PBXBuildFile; fileRef = 3F7793731BBAE3B50005F6D8 /* back.png */; settings = {ASSET_TAGS = (); }; };
		3F7793761BBB06290005F6D8 /* backgound_teste.jpg in Resources */ = {isa = PBXBuildFile; fileRef = 3F7793751BBB06290005F6D8 /* backgound_teste.jpg */; settings = {ASSET_TAGS = (); }; };
		7D2C40D71BB9C56A00C1DF7D /* configuracao.png in Resources */ = {isa = PBXBuildFile; fileRef = 7D2C40D61BB9C56A00C1DF7D /* configuracao.png */; settings = {ASSET_TAGS = (); }; };
		D0B502631BB4466A006C9C90 /* Character.swift in Sources */ = {isa = PBXBuildFile; fileRef = D0B502621BB4466A006C9C90 /* Character.swift */; settings = {ASSET_TAGS = (); }; };
		D0B502651BB4467A006C9C90 /* Sam.swift in Sources */ = {isa = PBXBuildFile; fileRef = D0B502641BB4467A006C9C90 /* Sam.swift */; settings = {ASSET_TAGS = (); }; };
		D0B502671BB44689006C9C90 /* Shrink.swift in Sources */ = {isa = PBXBuildFile; fileRef = D0B502661BB44689006C9C90 /* Shrink.swift */; settings = {ASSET_TAGS = (); }; };
		D0B502691BB44690006C9C90 /* Ellie.swift in Sources */ = {isa = PBXBuildFile; fileRef = D0B502681BB44690006C9C90 /* Ellie.swift */; settings = {ASSET_TAGS = (); }; };
		D0B5026D1BB44A6E006C9C90 /* GenericObject.swift in Sources */ = {isa = PBXBuildFile; fileRef = D0B5026C1BB44A6E006C9C90 /* GenericObject.swift */; settings = {ASSET_TAGS = (); }; };
		D0B5026F1BB44A7D006C9C90 /* MovableObject.swift in Sources */ = {isa = PBXBuildFile; fileRef = D0B5026E1BB44A7D006C9C90 /* MovableObject.swift */; settings = {ASSET_TAGS = (); }; };
		D0B502711BB44A8A006C9C90 /* StaticObject.swift in Sources */ = {isa = PBXBuildFile; fileRef = D0B502701BB44A8A006C9C90 /* StaticObject.swift */; settings = {ASSET_TAGS = (); }; };
		D0B502741BB44C69006C9C90 /* DAOUserInfo.swift in Sources */ = {isa = PBXBuildFile; fileRef = D0B502731BB44C69006C9C90 /* DAOUserInfo.swift */; settings = {ASSET_TAGS = (); }; };
		D0B502761BB44C94006C9C90 /* GameCenterManager.swift in Sources */ = {isa = PBXBuildFile; fileRef = D0B502751BB44C94006C9C90 /* GameCenterManager.swift */; settings = {ASSET_TAGS = (); }; };
		D0B502781BB44CD6006C9C90 /* MapMenu.swift in Sources */ = {isa = PBXBuildFile; fileRef = D0B502771BB44CD6006C9C90 /* MapMenu.swift */; settings = {ASSET_TAGS = (); }; };
		D0B5027A1BB44CEE006C9C90 /* MainMenu.swift in Sources */ = {isa = PBXBuildFile; fileRef = D0B502791BB44CEE006C9C90 /* MainMenu.swift */; settings = {ASSET_TAGS = (); }; };
		D0B5027C1BB44D0A006C9C90 /* Settings.swift in Sources */ = {isa = PBXBuildFile; fileRef = D0B5027B1BB44D0A006C9C90 /* Settings.swift */; settings = {ASSET_TAGS = (); }; };
		D0B5027E1BB44D85006C9C90 /* UserInfo.swift in Sources */ = {isa = PBXBuildFile; fileRef = D0B5027D1BB44D85006C9C90 /* UserInfo.swift */; settings = {ASSET_TAGS = (); }; };
		D0B502801BB44DB3006C9C90 /* LevelGenerator.swift in Sources */ = {isa = PBXBuildFile; fileRef = D0B5027F1BB44DB3006C9C90 /* LevelGenerator.swift */; settings = {ASSET_TAGS = (); }; };
		D0B502831BB44E58006C9C90 /* PauseMenu.swift in Sources */ = {isa = PBXBuildFile; fileRef = D0B502821BB44E58006C9C90 /* PauseMenu.swift */; settings = {ASSET_TAGS = (); }; };
		D0B502851BB44E83006C9C90 /* GameOverMenu.swift in Sources */ = {isa = PBXBuildFile; fileRef = D0B502841BB44E83006C9C90 /* GameOverMenu.swift */; settings = {ASSET_TAGS = (); }; };
		D0B502871BB44E9F006C9C90 /* GameWinMenu.swift in Sources */ = {isa = PBXBuildFile; fileRef = D0B502861BB44E9F006C9C90 /* GameWinMenu.swift */; settings = {ASSET_TAGS = (); }; };
		D0B502891BB44EBC006C9C90 /* StoryText.swift in Sources */ = {isa = PBXBuildFile; fileRef = D0B502881BB44EBC006C9C90 /* StoryText.swift */; settings = {ASSET_TAGS = (); }; };
		D0B502951BB45165006C9C90 /* Localizable.strings in Resources */ = {isa = PBXBuildFile; fileRef = D0B502971BB45165006C9C90 /* Localizable.strings */; };
		D0B5029B1BB45259006C9C90 /* HUD.swift in Sources */ = {isa = PBXBuildFile; fileRef = D0B5029A1BB45259006C9C90 /* HUD.swift */; settings = {ASSET_TAGS = (); }; };
		D0B5029D1BB4885C006C9C90 /* UserInfo.plist in Resources */ = {isa = PBXBuildFile; fileRef = D0B5029C1BB4885C006C9C90 /* UserInfo.plist */; settings = {ASSET_TAGS = (); }; };
/* End PBXBuildFile section */

/* Begin PBXContainerItemProxy section */
		3F29DE7F1BB440EB00ADE6F8 /* PBXContainerItemProxy */ = {
			isa = PBXContainerItemProxy;
			containerPortal = 3F29DE5E1BB440EB00ADE6F8 /* Project object */;
			proxyType = 1;
			remoteGlobalIDString = 3F29DE651BB440EB00ADE6F8;
			remoteInfo = FinalChallenge;
		};
		3F29DE8A1BB440EB00ADE6F8 /* PBXContainerItemProxy */ = {
			isa = PBXContainerItemProxy;
			containerPortal = 3F29DE5E1BB440EB00ADE6F8 /* Project object */;
			proxyType = 1;
			remoteGlobalIDString = 3F29DE651BB440EB00ADE6F8;
			remoteInfo = FinalChallenge;
		};
/* End PBXContainerItemProxy section */

/* Begin PBXFileReference section */
		3F29DE661BB440EB00ADE6F8 /* FinalChallenge.app */ = {isa = PBXFileReference; explicitFileType = wrapper.application; includeInIndex = 0; path = FinalChallenge.app; sourceTree = BUILT_PRODUCTS_DIR; };
		3F29DE691BB440EB00ADE6F8 /* AppDelegate.swift */ = {isa = PBXFileReference; lastKnownFileType = sourcecode.swift; path = AppDelegate.swift; sourceTree = "<group>"; };
		3F29DE6D1BB440EB00ADE6F8 /* GenericGameScene.swift */ = {isa = PBXFileReference; lastKnownFileType = sourcecode.swift; path = GenericGameScene.swift; sourceTree = "<group>"; };
		3F29DE6F1BB440EB00ADE6F8 /* GameViewController.swift */ = {isa = PBXFileReference; lastKnownFileType = sourcecode.swift; path = GameViewController.swift; sourceTree = "<group>"; };
		3F29DE721BB440EB00ADE6F8 /* Base */ = {isa = PBXFileReference; lastKnownFileType = file.storyboard; name = Base; path = Base.lproj/Main.storyboard; sourceTree = "<group>"; };
		3F29DE741BB440EB00ADE6F8 /* Assets.xcassets */ = {isa = PBXFileReference; lastKnownFileType = folder.assetcatalog; path = Assets.xcassets; sourceTree = "<group>"; };
		3F29DE771BB440EB00ADE6F8 /* Base */ = {isa = PBXFileReference; lastKnownFileType = file.storyboard; name = Base; path = Base.lproj/LaunchScreen.storyboard; sourceTree = "<group>"; };
		3F29DE791BB440EB00ADE6F8 /* Info.plist */ = {isa = PBXFileReference; lastKnownFileType = text.plist.xml; path = Info.plist; sourceTree = "<group>"; };
		3F29DE7E1BB440EB00ADE6F8 /* FinalChallengeTests.xctest */ = {isa = PBXFileReference; explicitFileType = wrapper.cfbundle; includeInIndex = 0; path = FinalChallengeTests.xctest; sourceTree = BUILT_PRODUCTS_DIR; };
		3F29DE821BB440EB00ADE6F8 /* FinalChallengeTests.swift */ = {isa = PBXFileReference; lastKnownFileType = sourcecode.swift; path = FinalChallengeTests.swift; sourceTree = "<group>"; };
		3F29DE841BB440EB00ADE6F8 /* Info.plist */ = {isa = PBXFileReference; lastKnownFileType = text.plist.xml; path = Info.plist; sourceTree = "<group>"; };
		3F29DE891BB440EB00ADE6F8 /* FinalChallengeUITests.xctest */ = {isa = PBXFileReference; explicitFileType = wrapper.cfbundle; includeInIndex = 0; path = FinalChallengeUITests.xctest; sourceTree = BUILT_PRODUCTS_DIR; };
		3F29DE8D1BB440EB00ADE6F8 /* FinalChallengeUITests.swift */ = {isa = PBXFileReference; lastKnownFileType = sourcecode.swift; path = FinalChallengeUITests.swift; sourceTree = "<group>"; };
		3F29DE8F1BB440EB00ADE6F8 /* Info.plist */ = {isa = PBXFileReference; lastKnownFileType = text.plist.xml; path = Info.plist; sourceTree = "<group>"; };
		3F7793731BBAE3B50005F6D8 /* back.png */ = {isa = PBXFileReference; lastKnownFileType = image.png; path = back.png; sourceTree = "<group>"; };
		3F7793751BBB06290005F6D8 /* backgound_teste.jpg */ = {isa = PBXFileReference; lastKnownFileType = image.jpeg; path = backgound_teste.jpg; sourceTree = "<group>"; };
		7D2C40D61BB9C56A00C1DF7D /* configuracao.png */ = {isa = PBXFileReference; lastKnownFileType = image.png; path = configuracao.png; sourceTree = "<group>"; };
		D0B502621BB4466A006C9C90 /* Character.swift */ = {isa = PBXFileReference; fileEncoding = 4; lastKnownFileType = sourcecode.swift; path = Character.swift; sourceTree = "<group>"; };
		D0B502641BB4467A006C9C90 /* Sam.swift */ = {isa = PBXFileReference; fileEncoding = 4; lastKnownFileType = sourcecode.swift; path = Sam.swift; sourceTree = "<group>"; };
		D0B502661BB44689006C9C90 /* Shrink.swift */ = {isa = PBXFileReference; fileEncoding = 4; lastKnownFileType = sourcecode.swift; path = Shrink.swift; sourceTree = "<group>"; };
		D0B502681BB44690006C9C90 /* Ellie.swift */ = {isa = PBXFileReference; fileEncoding = 4; lastKnownFileType = sourcecode.swift; path = Ellie.swift; sourceTree = "<group>"; };
		D0B5026C1BB44A6E006C9C90 /* GenericObject.swift */ = {isa = PBXFileReference; fileEncoding = 4; lastKnownFileType = sourcecode.swift; path = GenericObject.swift; sourceTree = "<group>"; };
		D0B5026E1BB44A7D006C9C90 /* MovableObject.swift */ = {isa = PBXFileReference; fileEncoding = 4; lastKnownFileType = sourcecode.swift; path = MovableObject.swift; sourceTree = "<group>"; };
		D0B502701BB44A8A006C9C90 /* StaticObject.swift */ = {isa = PBXFileReference; fileEncoding = 4; lastKnownFileType = sourcecode.swift; path = StaticObject.swift; sourceTree = "<group>"; };
		D0B502731BB44C69006C9C90 /* DAOUserInfo.swift */ = {isa = PBXFileReference; fileEncoding = 4; lastKnownFileType = sourcecode.swift; path = DAOUserInfo.swift; sourceTree = "<group>"; };
		D0B502751BB44C94006C9C90 /* GameCenterManager.swift */ = {isa = PBXFileReference; fileEncoding = 4; lastKnownFileType = sourcecode.swift; path = GameCenterManager.swift; sourceTree = "<group>"; };
		D0B502771BB44CD6006C9C90 /* MapMenu.swift */ = {isa = PBXFileReference; fileEncoding = 4; lastKnownFileType = sourcecode.swift; path = MapMenu.swift; sourceTree = "<group>"; };
		D0B502791BB44CEE006C9C90 /* MainMenu.swift */ = {isa = PBXFileReference; fileEncoding = 4; lastKnownFileType = sourcecode.swift; path = MainMenu.swift; sourceTree = "<group>"; };
		D0B5027B1BB44D0A006C9C90 /* Settings.swift */ = {isa = PBXFileReference; fileEncoding = 4; lastKnownFileType = sourcecode.swift; path = Settings.swift; sourceTree = "<group>"; };
		D0B5027D1BB44D85006C9C90 /* UserInfo.swift */ = {isa = PBXFileReference; fileEncoding = 4; lastKnownFileType = sourcecode.swift; path = UserInfo.swift; sourceTree = "<group>"; };
		D0B5027F1BB44DB3006C9C90 /* LevelGenerator.swift */ = {isa = PBXFileReference; fileEncoding = 4; lastKnownFileType = sourcecode.swift; path = LevelGenerator.swift; sourceTree = "<group>"; };
		D0B502821BB44E58006C9C90 /* PauseMenu.swift */ = {isa = PBXFileReference; fileEncoding = 4; lastKnownFileType = sourcecode.swift; path = PauseMenu.swift; sourceTree = "<group>"; };
		D0B502841BB44E83006C9C90 /* GameOverMenu.swift */ = {isa = PBXFileReference; fileEncoding = 4; lastKnownFileType = sourcecode.swift; path = GameOverMenu.swift; sourceTree = "<group>"; };
		D0B502861BB44E9F006C9C90 /* GameWinMenu.swift */ = {isa = PBXFileReference; fileEncoding = 4; lastKnownFileType = sourcecode.swift; path = GameWinMenu.swift; sourceTree = "<group>"; };
		D0B502881BB44EBC006C9C90 /* StoryText.swift */ = {isa = PBXFileReference; fileEncoding = 4; lastKnownFileType = sourcecode.swift; path = StoryText.swift; sourceTree = "<group>"; };
		D0B5028F1BB44F85006C9C90 /* pt */ = {isa = PBXFileReference; lastKnownFileType = text.plist.strings; name = pt; path = pt.lproj/Main.strings; sourceTree = "<group>"; };
		D0B502901BB44F85006C9C90 /* pt */ = {isa = PBXFileReference; lastKnownFileType = text.plist.strings; name = pt; path = pt.lproj/LaunchScreen.strings; sourceTree = "<group>"; };
		D0B502981BB45169006C9C90 /* en */ = {isa = PBXFileReference; lastKnownFileType = text.plist.strings; name = en; path = en.lproj/Localizable.strings; sourceTree = "<group>"; };
		D0B502991BB45170006C9C90 /* pt */ = {isa = PBXFileReference; lastKnownFileType = text.plist.strings; name = pt; path = pt.lproj/Localizable.strings; sourceTree = "<group>"; };
		D0B5029A1BB45259006C9C90 /* HUD.swift */ = {isa = PBXFileReference; fileEncoding = 4; lastKnownFileType = sourcecode.swift; path = HUD.swift; sourceTree = "<group>"; };
		D0B5029C1BB4885C006C9C90 /* UserInfo.plist */ = {isa = PBXFileReference; fileEncoding = 4; lastKnownFileType = text.plist.xml; path = UserInfo.plist; sourceTree = "<group>"; };
/* End PBXFileReference section */

/* Begin PBXFrameworksBuildPhase section */
		3F29DE631BB440EB00ADE6F8 /* Frameworks */ = {
			isa = PBXFrameworksBuildPhase;
			buildActionMask = 2147483647;
			files = (
			);
			runOnlyForDeploymentPostprocessing = 0;
		};
		3F29DE7B1BB440EB00ADE6F8 /* Frameworks */ = {
			isa = PBXFrameworksBuildPhase;
			buildActionMask = 2147483647;
			files = (
			);
			runOnlyForDeploymentPostprocessing = 0;
		};
		3F29DE861BB440EB00ADE6F8 /* Frameworks */ = {
			isa = PBXFrameworksBuildPhase;
			buildActionMask = 2147483647;
			files = (
			);
			runOnlyForDeploymentPostprocessing = 0;
		};
/* End PBXFrameworksBuildPhase section */

/* Begin PBXGroup section */
		3F29DE5D1BB440EB00ADE6F8 = {
			isa = PBXGroup;
			children = (
				3F29DE681BB440EB00ADE6F8 /* FinalChallenge */,
				3F29DE811BB440EB00ADE6F8 /* FinalChallengeTests */,
				3F29DE8C1BB440EB00ADE6F8 /* FinalChallengeUITests */,
				3F29DE671BB440EB00ADE6F8 /* Products */,
			);
			sourceTree = "<group>";
		};
		3F29DE671BB440EB00ADE6F8 /* Products */ = {
			isa = PBXGroup;
			children = (
				3F29DE661BB440EB00ADE6F8 /* FinalChallenge.app */,
				3F29DE7E1BB440EB00ADE6F8 /* FinalChallengeTests.xctest */,
				3F29DE891BB440EB00ADE6F8 /* FinalChallengeUITests.xctest */,
			);
			name = Products;
			sourceTree = "<group>";
		};
		3F29DE681BB440EB00ADE6F8 /* FinalChallenge */ = {
			isa = PBXGroup;
			children = (
				D0B502611BB44656006C9C90 /* Objects */,
				D0B502601BB4464F006C9C90 /* Character */,
				D0B5025F1BB44649006C9C90 /* Menu */,
				D0B5025E1BB44634006C9C90 /* Game */,
				D0B5025D1BB44623006C9C90 /* Model */,
				3F29DE6F1BB440EB00ADE6F8 /* GameViewController.swift */,
				D0B502971BB45165006C9C90 /* Localizable.strings */,
				D0B502721BB44C19006C9C90 /* Supporting Files */,
			);
			path = FinalChallenge;
			sourceTree = "<group>";
		};
		3F29DE811BB440EB00ADE6F8 /* FinalChallengeTests */ = {
			isa = PBXGroup;
			children = (
				3F29DE821BB440EB00ADE6F8 /* FinalChallengeTests.swift */,
				3F29DE841BB440EB00ADE6F8 /* Info.plist */,
			);
			path = FinalChallengeTests;
			sourceTree = "<group>";
		};
		3F29DE8C1BB440EB00ADE6F8 /* FinalChallengeUITests */ = {
			isa = PBXGroup;
			children = (
				3F29DE8D1BB440EB00ADE6F8 /* FinalChallengeUITests.swift */,
				3F29DE8F1BB440EB00ADE6F8 /* Info.plist */,
			);
			path = FinalChallengeUITests;
			sourceTree = "<group>";
		};
		D0B5025D1BB44623006C9C90 /* Model */ = {
			isa = PBXGroup;
			children = (
				D0B5029C1BB4885C006C9C90 /* UserInfo.plist */,
				D0B502731BB44C69006C9C90 /* DAOUserInfo.swift */,
				D0B5027D1BB44D85006C9C90 /* UserInfo.swift */,
				D0B502751BB44C94006C9C90 /* GameCenterManager.swift */,
			);
			name = Model;
			sourceTree = "<group>";
		};
		D0B5025E1BB44634006C9C90 /* Game */ = {
			isa = PBXGroup;
			children = (
				3F29DE6D1BB440EB00ADE6F8 /* GenericGameScene.swift */,
				D0B5027F1BB44DB3006C9C90 /* LevelGenerator.swift */,
				D0B502881BB44EBC006C9C90 /* StoryText.swift */,
				D0B5029A1BB45259006C9C90 /* HUD.swift */,
				D0B502811BB44DDB006C9C90 /* Popup Menu */,
			);
			name = Game;
			sourceTree = "<group>";
		};
		D0B5025F1BB44649006C9C90 /* Menu */ = {
			isa = PBXGroup;
			children = (
				D0B502771BB44CD6006C9C90 /* MapMenu.swift */,
				D0B502791BB44CEE006C9C90 /* MainMenu.swift */,
				D0B5027B1BB44D0A006C9C90 /* Settings.swift */,
			);
			name = Menu;
			sourceTree = "<group>";
		};
		D0B502601BB4464F006C9C90 /* Character */ = {
			isa = PBXGroup;
			children = (
				D0B502621BB4466A006C9C90 /* Character.swift */,
				D0B502641BB4467A006C9C90 /* Sam.swift */,
				D0B502661BB44689006C9C90 /* Shrink.swift */,
				D0B502681BB44690006C9C90 /* Ellie.swift */,
			);
			name = Character;
			sourceTree = "<group>";
		};
		D0B502611BB44656006C9C90 /* Objects */ = {
			isa = PBXGroup;
			children = (
				D0B5026C1BB44A6E006C9C90 /* GenericObject.swift */,
				D0B5026E1BB44A7D006C9C90 /* MovableObject.swift */,
				D0B502701BB44A8A006C9C90 /* StaticObject.swift */,
			);
			name = Objects;
			sourceTree = "<group>";
		};
		D0B502721BB44C19006C9C90 /* Supporting Files */ = {
			isa = PBXGroup;
			children = (
				7D2C40D61BB9C56A00C1DF7D /* configuracao.png */,
				3F7793751BBB06290005F6D8 /* backgound_teste.jpg */,
				3F7793731BBAE3B50005F6D8 /* back.png */,
				3F29DE711BB440EB00ADE6F8 /* Main.storyboard */,
				3F29DE761BB440EB00ADE6F8 /* LaunchScreen.storyboard */,
				3F29DE791BB440EB00ADE6F8 /* Info.plist */,
				3F29DE741BB440EB00ADE6F8 /* Assets.xcassets */,
				3F29DE691BB440EB00ADE6F8 /* AppDelegate.swift */,
			);
			name = "Supporting Files";
			sourceTree = "<group>";
		};
		D0B502811BB44DDB006C9C90 /* Popup Menu */ = {
			isa = PBXGroup;
			children = (
				D0B502821BB44E58006C9C90 /* PauseMenu.swift */,
				D0B502841BB44E83006C9C90 /* GameOverMenu.swift */,
				D0B502861BB44E9F006C9C90 /* GameWinMenu.swift */,
			);
			name = "Popup Menu";
			sourceTree = "<group>";
		};
/* End PBXGroup section */

/* Begin PBXNativeTarget section */
		3F29DE651BB440EB00ADE6F8 /* FinalChallenge */ = {
			isa = PBXNativeTarget;
			buildConfigurationList = 3F29DE921BB440EB00ADE6F8 /* Build configuration list for PBXNativeTarget "FinalChallenge" */;
			buildPhases = (
				3F29DE621BB440EB00ADE6F8 /* Sources */,
				3F29DE631BB440EB00ADE6F8 /* Frameworks */,
				3F29DE641BB440EB00ADE6F8 /* Resources */,
			);
			buildRules = (
			);
			dependencies = (
			);
			name = FinalChallenge;
			productName = FinalChallenge;
			productReference = 3F29DE661BB440EB00ADE6F8 /* FinalChallenge.app */;
			productType = "com.apple.product-type.application";
		};
		3F29DE7D1BB440EB00ADE6F8 /* FinalChallengeTests */ = {
			isa = PBXNativeTarget;
			buildConfigurationList = 3F29DE951BB440EB00ADE6F8 /* Build configuration list for PBXNativeTarget "FinalChallengeTests" */;
			buildPhases = (
				3F29DE7A1BB440EB00ADE6F8 /* Sources */,
				3F29DE7B1BB440EB00ADE6F8 /* Frameworks */,
				3F29DE7C1BB440EB00ADE6F8 /* Resources */,
			);
			buildRules = (
			);
			dependencies = (
				3F29DE801BB440EB00ADE6F8 /* PBXTargetDependency */,
			);
			name = FinalChallengeTests;
			productName = FinalChallengeTests;
			productReference = 3F29DE7E1BB440EB00ADE6F8 /* FinalChallengeTests.xctest */;
			productType = "com.apple.product-type.bundle.unit-test";
		};
		3F29DE881BB440EB00ADE6F8 /* FinalChallengeUITests */ = {
			isa = PBXNativeTarget;
			buildConfigurationList = 3F29DE981BB440EB00ADE6F8 /* Build configuration list for PBXNativeTarget "FinalChallengeUITests" */;
			buildPhases = (
				3F29DE851BB440EB00ADE6F8 /* Sources */,
				3F29DE861BB440EB00ADE6F8 /* Frameworks */,
				3F29DE871BB440EB00ADE6F8 /* Resources */,
			);
			buildRules = (
			);
			dependencies = (
				3F29DE8B1BB440EB00ADE6F8 /* PBXTargetDependency */,
			);
			name = FinalChallengeUITests;
			productName = FinalChallengeUITests;
			productReference = 3F29DE891BB440EB00ADE6F8 /* FinalChallengeUITests.xctest */;
			productType = "com.apple.product-type.bundle.ui-testing";
		};
/* End PBXNativeTarget section */

/* Begin PBXProject section */
		3F29DE5E1BB440EB00ADE6F8 /* Project object */ = {
			isa = PBXProject;
			attributes = {
				LastSwiftUpdateCheck = 0700;
				LastUpgradeCheck = 0700;
				ORGANIZATIONNAME = Hjlmt;
				TargetAttributes = {
					3F29DE651BB440EB00ADE6F8 = {
						CreatedOnToolsVersion = 7.0;
						DevelopmentTeam = 5BS7QB5JFF;
					};
					3F29DE7D1BB440EB00ADE6F8 = {
						CreatedOnToolsVersion = 7.0;
						TestTargetID = 3F29DE651BB440EB00ADE6F8;
					};
					3F29DE881BB440EB00ADE6F8 = {
						CreatedOnToolsVersion = 7.0;
						TestTargetID = 3F29DE651BB440EB00ADE6F8;
					};
				};
			};
			buildConfigurationList = 3F29DE611BB440EB00ADE6F8 /* Build configuration list for PBXProject "FinalChallenge" */;
			compatibilityVersion = "Xcode 3.2";
			developmentRegion = English;
			hasScannedForEncodings = 0;
			knownRegions = (
				en,
				Base,
				pt,
			);
			mainGroup = 3F29DE5D1BB440EB00ADE6F8;
			productRefGroup = 3F29DE671BB440EB00ADE6F8 /* Products */;
			projectDirPath = "";
			projectRoot = "";
			targets = (
				3F29DE651BB440EB00ADE6F8 /* FinalChallenge */,
				3F29DE7D1BB440EB00ADE6F8 /* FinalChallengeTests */,
				3F29DE881BB440EB00ADE6F8 /* FinalChallengeUITests */,
			);
		};
/* End PBXProject section */

/* Begin PBXResourcesBuildPhase section */
		3F29DE641BB440EB00ADE6F8 /* Resources */ = {
			isa = PBXResourcesBuildPhase;
			buildActionMask = 2147483647;
			files = (
				3F29DE781BB440EB00ADE6F8 /* LaunchScreen.storyboard in Resources */,
				D0B502951BB45165006C9C90 /* Localizable.strings in Resources */,
				7D2C40D71BB9C56A00C1DF7D /* configuracao.png in Resources */,
				3F7793741BBAE3B50005F6D8 /* back.png in Resources */,
				3F7793761BBB06290005F6D8 /* backgound_teste.jpg in Resources */,
				3F29DE751BB440EB00ADE6F8 /* Assets.xcassets in Resources */,
				D0B5029D1BB4885C006C9C90 /* UserInfo.plist in Resources */,
				3F29DE731BB440EB00ADE6F8 /* Main.storyboard in Resources */,
			);
			runOnlyForDeploymentPostprocessing = 0;
		};
		3F29DE7C1BB440EB00ADE6F8 /* Resources */ = {
			isa = PBXResourcesBuildPhase;
			buildActionMask = 2147483647;
			files = (
			);
			runOnlyForDeploymentPostprocessing = 0;
		};
		3F29DE871BB440EB00ADE6F8 /* Resources */ = {
			isa = PBXResourcesBuildPhase;
			buildActionMask = 2147483647;
			files = (
			);
			runOnlyForDeploymentPostprocessing = 0;
		};
/* End PBXResourcesBuildPhase section */

/* Begin PBXSourcesBuildPhase section */
		3F29DE621BB440EB00ADE6F8 /* Sources */ = {
			isa = PBXSourcesBuildPhase;
			buildActionMask = 2147483647;
			files = (
				D0B502711BB44A8A006C9C90 /* StaticObject.swift in Sources */,
				3F29DE6E1BB440EB00ADE6F8 /* GenericGameScene.swift in Sources */,
				D0B502891BB44EBC006C9C90 /* StoryText.swift in Sources */,
				D0B502691BB44690006C9C90 /* Ellie.swift in Sources */,
				D0B5026D1BB44A6E006C9C90 /* GenericObject.swift in Sources */,
				D0B5027E1BB44D85006C9C90 /* UserInfo.swift in Sources */,
				D0B502851BB44E83006C9C90 /* GameOverMenu.swift in Sources */,
				D0B502831BB44E58006C9C90 /* PauseMenu.swift in Sources */,
				D0B502651BB4467A006C9C90 /* Sam.swift in Sources */,
				D0B5027C1BB44D0A006C9C90 /* Settings.swift in Sources */,
				3F29DE701BB440EB00ADE6F8 /* GameViewController.swift in Sources */,
				3F29DE6A1BB440EB00ADE6F8 /* AppDelegate.swift in Sources */,
				D0B502671BB44689006C9C90 /* Shrink.swift in Sources */,
				D0B502801BB44DB3006C9C90 /* LevelGenerator.swift in Sources */,
				D0B502871BB44E9F006C9C90 /* GameWinMenu.swift in Sources */,
				D0B502781BB44CD6006C9C90 /* MapMenu.swift in Sources */,
				D0B5027A1BB44CEE006C9C90 /* MainMenu.swift in Sources */,
				D0B5029B1BB45259006C9C90 /* HUD.swift in Sources */,
				D0B502761BB44C94006C9C90 /* GameCenterManager.swift in Sources */,
				D0B502741BB44C69006C9C90 /* DAOUserInfo.swift in Sources */,
				D0B5026F1BB44A7D006C9C90 /* MovableObject.swift in Sources */,
				D0B502631BB4466A006C9C90 /* Character.swift in Sources */,
			);
			runOnlyForDeploymentPostprocessing = 0;
		};
		3F29DE7A1BB440EB00ADE6F8 /* Sources */ = {
			isa = PBXSourcesBuildPhase;
			buildActionMask = 2147483647;
			files = (
				3F29DE831BB440EB00ADE6F8 /* FinalChallengeTests.swift in Sources */,
			);
			runOnlyForDeploymentPostprocessing = 0;
		};
		3F29DE851BB440EB00ADE6F8 /* Sources */ = {
			isa = PBXSourcesBuildPhase;
			buildActionMask = 2147483647;
			files = (
				3F29DE8E1BB440EB00ADE6F8 /* FinalChallengeUITests.swift in Sources */,
			);
			runOnlyForDeploymentPostprocessing = 0;
		};
/* End PBXSourcesBuildPhase section */

/* Begin PBXTargetDependency section */
		3F29DE801BB440EB00ADE6F8 /* PBXTargetDependency */ = {
			isa = PBXTargetDependency;
			target = 3F29DE651BB440EB00ADE6F8 /* FinalChallenge */;
			targetProxy = 3F29DE7F1BB440EB00ADE6F8 /* PBXContainerItemProxy */;
		};
		3F29DE8B1BB440EB00ADE6F8 /* PBXTargetDependency */ = {
			isa = PBXTargetDependency;
			target = 3F29DE651BB440EB00ADE6F8 /* FinalChallenge */;
			targetProxy = 3F29DE8A1BB440EB00ADE6F8 /* PBXContainerItemProxy */;
		};
/* End PBXTargetDependency section */

/* Begin PBXVariantGroup section */
		3F29DE711BB440EB00ADE6F8 /* Main.storyboard */ = {
			isa = PBXVariantGroup;
			children = (
				3F29DE721BB440EB00ADE6F8 /* Base */,
				D0B5028F1BB44F85006C9C90 /* pt */,
			);
			name = Main.storyboard;
			sourceTree = "<group>";
		};
		3F29DE761BB440EB00ADE6F8 /* LaunchScreen.storyboard */ = {
			isa = PBXVariantGroup;
			children = (
				3F29DE771BB440EB00ADE6F8 /* Base */,
				D0B502901BB44F85006C9C90 /* pt */,
			);
			name = LaunchScreen.storyboard;
			sourceTree = "<group>";
		};
		D0B502971BB45165006C9C90 /* Localizable.strings */ = {
			isa = PBXVariantGroup;
			children = (
				D0B502981BB45169006C9C90 /* en */,
				D0B502991BB45170006C9C90 /* pt */,
			);
			name = Localizable.strings;
			sourceTree = "<group>";
		};
/* End PBXVariantGroup section */

/* Begin XCBuildConfiguration section */
		3F29DE901BB440EB00ADE6F8 /* Debug */ = {
			isa = XCBuildConfiguration;
			buildSettings = {
				ALWAYS_SEARCH_USER_PATHS = NO;
				CLANG_CXX_LANGUAGE_STANDARD = "gnu++0x";
				CLANG_CXX_LIBRARY = "libc++";
				CLANG_ENABLE_MODULES = YES;
				CLANG_ENABLE_OBJC_ARC = YES;
				CLANG_WARN_BOOL_CONVERSION = YES;
				CLANG_WARN_CONSTANT_CONVERSION = YES;
				CLANG_WARN_DIRECT_OBJC_ISA_USAGE = YES_ERROR;
				CLANG_WARN_EMPTY_BODY = YES;
				CLANG_WARN_ENUM_CONVERSION = YES;
				CLANG_WARN_INT_CONVERSION = YES;
				CLANG_WARN_OBJC_ROOT_CLASS = YES_ERROR;
				CLANG_WARN_UNREACHABLE_CODE = YES;
				CLANG_WARN__DUPLICATE_METHOD_MATCH = YES;
				"CODE_SIGN_IDENTITY[sdk=iphoneos*]" = "iPhone Developer";
				COPY_PHASE_STRIP = NO;
				DEBUG_INFORMATION_FORMAT = "dwarf-with-dsym";
				ENABLE_STRICT_OBJC_MSGSEND = YES;
				ENABLE_TESTABILITY = YES;
				GCC_C_LANGUAGE_STANDARD = gnu99;
				GCC_DYNAMIC_NO_PIC = NO;
				GCC_NO_COMMON_BLOCKS = YES;
				GCC_OPTIMIZATION_LEVEL = 0;
				GCC_PREPROCESSOR_DEFINITIONS = (
					"DEBUG=1",
					"$(inherited)",
				);
				GCC_WARN_64_TO_32_BIT_CONVERSION = YES;
				GCC_WARN_ABOUT_RETURN_TYPE = YES_ERROR;
				GCC_WARN_UNDECLARED_SELECTOR = YES;
				GCC_WARN_UNINITIALIZED_AUTOS = YES_AGGRESSIVE;
				GCC_WARN_UNUSED_FUNCTION = YES;
				GCC_WARN_UNUSED_VARIABLE = YES;
				IPHONEOS_DEPLOYMENT_TARGET = 9.0;
				MTL_ENABLE_DEBUG_INFO = YES;
				ONLY_ACTIVE_ARCH = YES;
				SDKROOT = iphoneos;
				SWIFT_OPTIMIZATION_LEVEL = "-Onone";
				TARGETED_DEVICE_FAMILY = "1,2";
			};
			name = Debug;
		};
		3F29DE911BB440EB00ADE6F8 /* Release */ = {
			isa = XCBuildConfiguration;
			buildSettings = {
				ALWAYS_SEARCH_USER_PATHS = NO;
				CLANG_CXX_LANGUAGE_STANDARD = "gnu++0x";
				CLANG_CXX_LIBRARY = "libc++";
				CLANG_ENABLE_MODULES = YES;
				CLANG_ENABLE_OBJC_ARC = YES;
				CLANG_WARN_BOOL_CONVERSION = YES;
				CLANG_WARN_CONSTANT_CONVERSION = YES;
				CLANG_WARN_DIRECT_OBJC_ISA_USAGE = YES_ERROR;
				CLANG_WARN_EMPTY_BODY = YES;
				CLANG_WARN_ENUM_CONVERSION = YES;
				CLANG_WARN_INT_CONVERSION = YES;
				CLANG_WARN_OBJC_ROOT_CLASS = YES_ERROR;
				CLANG_WARN_UNREACHABLE_CODE = YES;
				CLANG_WARN__DUPLICATE_METHOD_MATCH = YES;
				"CODE_SIGN_IDENTITY[sdk=iphoneos*]" = "iPhone Developer";
				COPY_PHASE_STRIP = NO;
				DEBUG_INFORMATION_FORMAT = "dwarf-with-dsym";
				ENABLE_NS_ASSERTIONS = NO;
				ENABLE_STRICT_OBJC_MSGSEND = YES;
				GCC_C_LANGUAGE_STANDARD = gnu99;
				GCC_NO_COMMON_BLOCKS = YES;
				GCC_WARN_64_TO_32_BIT_CONVERSION = YES;
				GCC_WARN_ABOUT_RETURN_TYPE = YES_ERROR;
				GCC_WARN_UNDECLARED_SELECTOR = YES;
				GCC_WARN_UNINITIALIZED_AUTOS = YES_AGGRESSIVE;
				GCC_WARN_UNUSED_FUNCTION = YES;
				GCC_WARN_UNUSED_VARIABLE = YES;
				IPHONEOS_DEPLOYMENT_TARGET = 9.0;
				MTL_ENABLE_DEBUG_INFO = NO;
				SDKROOT = iphoneos;
				TARGETED_DEVICE_FAMILY = "1,2";
				VALIDATE_PRODUCT = YES;
			};
			name = Release;
		};
		3F29DE931BB440EB00ADE6F8 /* Debug */ = {
			isa = XCBuildConfiguration;
			buildSettings = {
				ASSETCATALOG_COMPILER_APPICON_NAME = AppIcon;
				CODE_SIGN_IDENTITY = "iPhone Developer";
				INFOPLIST_FILE = FinalChallenge/Info.plist;
				LD_RUNPATH_SEARCH_PATHS = "$(inherited) @executable_path/Frameworks";
				PRODUCT_BUNDLE_IDENTIFIER = com.hjlmt.FinalChallenge;
				PRODUCT_NAME = "$(TARGET_NAME)";
			};
			name = Debug;
		};
		3F29DE941BB440EB00ADE6F8 /* Release */ = {
			isa = XCBuildConfiguration;
			buildSettings = {
				ASSETCATALOG_COMPILER_APPICON_NAME = AppIcon;
				CODE_SIGN_IDENTITY = "iPhone Developer";
				INFOPLIST_FILE = FinalChallenge/Info.plist;
				LD_RUNPATH_SEARCH_PATHS = "$(inherited) @executable_path/Frameworks";
				PRODUCT_BUNDLE_IDENTIFIER = com.hjlmt.FinalChallenge;
				PRODUCT_NAME = "$(TARGET_NAME)";
			};
			name = Release;
		};
		3F29DE961BB440EB00ADE6F8 /* Debug */ = {
			isa = XCBuildConfiguration;
			buildSettings = {
				BUNDLE_LOADER = "$(TEST_HOST)";
				DEBUG_INFORMATION_FORMAT = dwarf;
				INFOPLIST_FILE = FinalChallengeTests/Info.plist;
				LD_RUNPATH_SEARCH_PATHS = "$(inherited) @executable_path/Frameworks @loader_path/Frameworks";
				PRODUCT_BUNDLE_IDENTIFIER = com.hjlmt.FinalChallengeTests;
				PRODUCT_NAME = "$(TARGET_NAME)";
				TEST_HOST = "$(BUILT_PRODUCTS_DIR)/FinalChallenge.app/FinalChallenge";
			};
			name = Debug;
		};
		3F29DE971BB440EB00ADE6F8 /* Release */ = {
			isa = XCBuildConfiguration;
			buildSettings = {
				BUNDLE_LOADER = "$(TEST_HOST)";
				INFOPLIST_FILE = FinalChallengeTests/Info.plist;
				LD_RUNPATH_SEARCH_PATHS = "$(inherited) @executable_path/Frameworks @loader_path/Frameworks";
				PRODUCT_BUNDLE_IDENTIFIER = com.hjlmt.FinalChallengeTests;
				PRODUCT_NAME = "$(TARGET_NAME)";
				TEST_HOST = "$(BUILT_PRODUCTS_DIR)/FinalChallenge.app/FinalChallenge";
			};
			name = Release;
		};
		3F29DE991BB440EB00ADE6F8 /* Debug */ = {
			isa = XCBuildConfiguration;
			buildSettings = {
				DEBUG_INFORMATION_FORMAT = dwarf;
				INFOPLIST_FILE = FinalChallengeUITests/Info.plist;
				LD_RUNPATH_SEARCH_PATHS = "$(inherited) @executable_path/Frameworks @loader_path/Frameworks";
				PRODUCT_BUNDLE_IDENTIFIER = com.hjlmt.FinalChallengeUITests;
				PRODUCT_NAME = "$(TARGET_NAME)";
				TEST_TARGET_NAME = FinalChallenge;
				USES_XCTRUNNER = YES;
			};
			name = Debug;
		};
		3F29DE9A1BB440EB00ADE6F8 /* Release */ = {
			isa = XCBuildConfiguration;
			buildSettings = {
				INFOPLIST_FILE = FinalChallengeUITests/Info.plist;
				LD_RUNPATH_SEARCH_PATHS = "$(inherited) @executable_path/Frameworks @loader_path/Frameworks";
				PRODUCT_BUNDLE_IDENTIFIER = com.hjlmt.FinalChallengeUITests;
				PRODUCT_NAME = "$(TARGET_NAME)";
				TEST_TARGET_NAME = FinalChallenge;
				USES_XCTRUNNER = YES;
			};
			name = Release;
		};
/* End XCBuildConfiguration section */

/* Begin XCConfigurationList section */
		3F29DE611BB440EB00ADE6F8 /* Build configuration list for PBXProject "FinalChallenge" */ = {
			isa = XCConfigurationList;
			buildConfigurations = (
				3F29DE901BB440EB00ADE6F8 /* Debug */,
				3F29DE911BB440EB00ADE6F8 /* Release */,
			);
			defaultConfigurationIsVisible = 0;
			defaultConfigurationName = Release;
		};
		3F29DE921BB440EB00ADE6F8 /* Build configuration list for PBXNativeTarget "FinalChallenge" */ = {
			isa = XCConfigurationList;
			buildConfigurations = (
				3F29DE931BB440EB00ADE6F8 /* Debug */,
				3F29DE941BB440EB00ADE6F8 /* Release */,
			);
			defaultConfigurationIsVisible = 0;
			defaultConfigurationName = Release;
		};
		3F29DE951BB440EB00ADE6F8 /* Build configuration list for PBXNativeTarget "FinalChallengeTests" */ = {
			isa = XCConfigurationList;
			buildConfigurations = (
				3F29DE961BB440EB00ADE6F8 /* Debug */,
				3F29DE971BB440EB00ADE6F8 /* Release */,
			);
			defaultConfigurationIsVisible = 0;
			defaultConfigurationName = Release;
		};
		3F29DE981BB440EB00ADE6F8 /* Build configuration list for PBXNativeTarget "FinalChallengeUITests" */ = {
			isa = XCConfigurationList;
			buildConfigurations = (
				3F29DE991BB440EB00ADE6F8 /* Debug */,
				3F29DE9A1BB440EB00ADE6F8 /* Release */,
			);
			defaultConfigurationIsVisible = 0;
			defaultConfigurationName = Release;
		};
/* End XCConfigurationList section */
	};
	rootObject = 3F29DE5E1BB440EB00ADE6F8 /* Project object */;
}
